// !$*UTF8*$!
{
	archiveVersion = 1;
	classes = {
	};
	objectVersion = 48;
	objects = {

/* Begin PBXBuildFile section */
		1C51B2A6552060D9D1486C52 /* Pods_Message_Filter.framework in Frameworks */ = {isa = PBXBuildFile; fileRef = 74B0AE33FD8A187AED1C631E /* Pods_Message_Filter.framework */; };
		86E120F6B00AC77604AD1B0D /* Pods_Message_Filter_Extension.framework in Frameworks */ = {isa = PBXBuildFile; fileRef = 612B9974721876FF56C68792 /* Pods_Message_Filter_Extension.framework */; };
		BD0DB775AF3BC0E47BBA8D4C /* Pods_Message_Filter_Framework.framework in Frameworks */ = {isa = PBXBuildFile; fileRef = 3AEC774280B787B042D54F57 /* Pods_Message_Filter_Framework.framework */; };
		E5120BE4207AF61000B2FF5C /* GlobalStatics.swift in Sources */ = {isa = PBXBuildFile; fileRef = E5120BE3207AF61000B2FF5C /* GlobalStatics.swift */; };
		E5120BE7207B6CA300B2FF5C /* AddRuleViewController.swift in Sources */ = {isa = PBXBuildFile; fileRef = E5120BE6207B6CA300B2FF5C /* AddRuleViewController.swift */; };
		E55AB1C5207793E80030A084 /* FilterRuleGroupCell.swift in Sources */ = {isa = PBXBuildFile; fileRef = E55AB1C3207793E80030A084 /* FilterRuleGroupCell.swift */; };
		E55AB1C6207793E80030A084 /* FilterRuleGroupCell.xib in Resources */ = {isa = PBXBuildFile; fileRef = E55AB1C4207793E80030A084 /* FilterRuleGroupCell.xib */; };
		E578DA3E2068A22B00669A92 /* AppDelegate.swift in Sources */ = {isa = PBXBuildFile; fileRef = E578DA3D2068A22B00669A92 /* AppDelegate.swift */; };
		E578DA402068A22B00669A92 /* ViewController.swift in Sources */ = {isa = PBXBuildFile; fileRef = E578DA3F2068A22B00669A92 /* ViewController.swift */; };
		E578DA432068A22B00669A92 /* Main.storyboard in Resources */ = {isa = PBXBuildFile; fileRef = E578DA412068A22B00669A92 /* Main.storyboard */; };
		E578DA452068A22B00669A92 /* Assets.xcassets in Resources */ = {isa = PBXBuildFile; fileRef = E578DA442068A22B00669A92 /* Assets.xcassets */; };
		E578DA482068A22B00669A92 /* LaunchScreen.storyboard in Resources */ = {isa = PBXBuildFile; fileRef = E578DA462068A22B00669A92 /* LaunchScreen.storyboard */; };
		E578DA562068A26B00669A92 /* MessageFilterExtension.swift in Sources */ = {isa = PBXBuildFile; fileRef = E578DA552068A26B00669A92 /* MessageFilterExtension.swift */; };
		E578DA5A2068A26B00669A92 /* Message-Filter-Extension.appex in Embed App Extensions */ = {isa = PBXBuildFile; fileRef = E578DA532068A26B00669A92 /* Message-Filter-Extension.appex */; settings = {ATTRIBUTES = (RemoveHeadersOnCopy, ); }; };
		E582DFE72085F61600C5D799 /* Localizable.strings in Resources */ = {isa = PBXBuildFile; fileRef = E582DFE92085F61600C5D799 /* Localizable.strings */; };
		E5CFEB40207F52980075DBE2 /* Array+Extensions.swift in Sources */ = {isa = PBXBuildFile; fileRef = E5CFEAF1207F52970075DBE2 /* Array+Extensions.swift */; };
		E5CFEB41207F52980075DBE2 /* Common+Extensions.swift in Sources */ = {isa = PBXBuildFile; fileRef = E5CFEAF2207F52970075DBE2 /* Common+Extensions.swift */; };
		E5CFEB42207F52980075DBE2 /* Date+Extension.swift in Sources */ = {isa = PBXBuildFile; fileRef = E5CFEAF3207F52970075DBE2 /* Date+Extension.swift */; };
		E5CFEB43207F52980075DBE2 /* Locale+Extensions.swift in Sources */ = {isa = PBXBuildFile; fileRef = E5CFEAF4207F52970075DBE2 /* Locale+Extensions.swift */; };
		E5CFEB44207F52980075DBE2 /* Optional+Extensions.swift in Sources */ = {isa = PBXBuildFile; fileRef = E5CFEAF5207F52970075DBE2 /* Optional+Extensions.swift */; };
		E5CFEB45207F52980075DBE2 /* String+Extensions.swift in Sources */ = {isa = PBXBuildFile; fileRef = E5CFEAF6207F52970075DBE2 /* String+Extensions.swift */; };
		E5CFEB46207F52980075DBE2 /* UIAlertController+Extensions.swift in Sources */ = {isa = PBXBuildFile; fileRef = E5CFEAF7207F52970075DBE2 /* UIAlertController+Extensions.swift */; };
		E5CFEB47207F52980075DBE2 /* UIApplication+Extensions.swift in Sources */ = {isa = PBXBuildFile; fileRef = E5CFEAF8207F52970075DBE2 /* UIApplication+Extensions.swift */; };
		E5CFEB48207F52980075DBE2 /* UIColor+Extensions.swift in Sources */ = {isa = PBXBuildFile; fileRef = E5CFEAF9207F52970075DBE2 /* UIColor+Extensions.swift */; };
		E5CFEB49207F52980075DBE2 /* UIImage+Extensions.swift in Sources */ = {isa = PBXBuildFile; fileRef = E5CFEAFA207F52970075DBE2 /* UIImage+Extensions.swift */; };
		E5CFEB4A207F52980075DBE2 /* UIImageView+Extensions.swift in Sources */ = {isa = PBXBuildFile; fileRef = E5CFEAFB207F52970075DBE2 /* UIImageView+Extensions.swift */; };
		E5CFEB4B207F52980075DBE2 /* UISearchBar+Extensions.swift in Sources */ = {isa = PBXBuildFile; fileRef = E5CFEAFC207F52970075DBE2 /* UISearchBar+Extensions.swift */; };
		E5CFEB4C207F52980075DBE2 /* UISegmentedControl+Extensions.swift in Sources */ = {isa = PBXBuildFile; fileRef = E5CFEAFD207F52970075DBE2 /* UISegmentedControl+Extensions.swift */; };
		E5CFEB4D207F52980075DBE2 /* UITextField+Extensions.swift in Sources */ = {isa = PBXBuildFile; fileRef = E5CFEAFE207F52970075DBE2 /* UITextField+Extensions.swift */; };
		E5CFEB4E207F52980075DBE2 /* UITextView+Extensions.swift in Sources */ = {isa = PBXBuildFile; fileRef = E5CFEAFF207F52970075DBE2 /* UITextView+Extensions.swift */; };
		E5CFEB4F207F52980075DBE2 /* UIView+Extensions.swift in Sources */ = {isa = PBXBuildFile; fileRef = E5CFEB00207F52970075DBE2 /* UIView+Extensions.swift */; };
		E5CFEB50207F52980075DBE2 /* UIViewController+Extensions.swift in Sources */ = {isa = PBXBuildFile; fileRef = E5CFEB01207F52970075DBE2 /* UIViewController+Extensions.swift */; };
		E5CFEB51207F52980075DBE2 /* ColorPickerViewController.swift in Sources */ = {isa = PBXBuildFile; fileRef = E5CFEB04207F52970075DBE2 /* ColorPickerViewController.swift */; };
		E5CFEB52207F52980075DBE2 /* ContactsPickerViewController.swift in Sources */ = {isa = PBXBuildFile; fileRef = E5CFEB06207F52970075DBE2 /* ContactsPickerViewController.swift */; };
		E5CFEB53207F52980075DBE2 /* Contacts.swift in Sources */ = {isa = PBXBuildFile; fileRef = E5CFEB08207F52970075DBE2 /* Contacts.swift */; };
		E5CFEB54207F52980075DBE2 /* Contact.swift in Sources */ = {isa = PBXBuildFile; fileRef = E5CFEB0A207F52970075DBE2 /* Contact.swift */; };
		E5CFEB55207F52980075DBE2 /* ContactCell.swift in Sources */ = {isa = PBXBuildFile; fileRef = E5CFEB0C207F52970075DBE2 /* ContactCell.swift */; };
		E5CFEB56207F52980075DBE2 /* DatePickerViewController.swift in Sources */ = {isa = PBXBuildFile; fileRef = E5CFEB0E207F52970075DBE2 /* DatePickerViewController.swift */; };
		E5CFEB57207F52980075DBE2 /* ImagePickerViewController.swift in Sources */ = {isa = PBXBuildFile; fileRef = E5CFEB10207F52970075DBE2 /* ImagePickerViewController.swift */; };
		E5CFEB58207F52980075DBE2 /* ItemWithImage.swift in Sources */ = {isa = PBXBuildFile; fileRef = E5CFEB12207F52970075DBE2 /* ItemWithImage.swift */; };
		E5CFEB59207F52980075DBE2 /* Countries.bundle in Resources */ = {isa = PBXBuildFile; fileRef = E5CFEB14207F52970075DBE2 /* Countries.bundle */; };
		E5CFEB5A207F52980075DBE2 /* LocalePickerViewController.swift in Sources */ = {isa = PBXBuildFile; fileRef = E5CFEB15207F52970075DBE2 /* LocalePickerViewController.swift */; };
		E5CFEB5B207F52980075DBE2 /* LocaleStore.swift in Sources */ = {isa = PBXBuildFile; fileRef = E5CFEB17207F52970075DBE2 /* LocaleStore.swift */; };
		E5CFEB5C207F52980075DBE2 /* LocaleInfo.swift in Sources */ = {isa = PBXBuildFile; fileRef = E5CFEB19207F52970075DBE2 /* LocaleInfo.swift */; };
		E5CFEB5D207F52980075DBE2 /* CountryCell.swift in Sources */ = {isa = PBXBuildFile; fileRef = E5CFEB1B207F52970075DBE2 /* CountryCell.swift */; };
		E5CFEB5E207F52980075DBE2 /* CurrencyCell.swift in Sources */ = {isa = PBXBuildFile; fileRef = E5CFEB1C207F52970075DBE2 /* CurrencyCell.swift */; };
		E5CFEB5F207F52980075DBE2 /* PhoneCodeCell.swift in Sources */ = {isa = PBXBuildFile; fileRef = E5CFEB1D207F52970075DBE2 /* PhoneCodeCell.swift */; };
		E5CFEB60207F52980075DBE2 /* LocationPickerViewController.swift in Sources */ = {isa = PBXBuildFile; fileRef = E5CFEB1F207F52970075DBE2 /* LocationPickerViewController.swift */; };
		E5CFEB61207F52980075DBE2 /* LocationSearchResultsViewController.swift in Sources */ = {isa = PBXBuildFile; fileRef = E5CFEB20207F52970075DBE2 /* LocationSearchResultsViewController.swift */; };
		E5CFEB62207F52980075DBE2 /* SearchHistoryManager.swift in Sources */ = {isa = PBXBuildFile; fileRef = E5CFEB22207F52970075DBE2 /* SearchHistoryManager.swift */; };
		E5CFEB63207F52980075DBE2 /* Address.swift in Sources */ = {isa = PBXBuildFile; fileRef = E5CFEB24207F52970075DBE2 /* Address.swift */; };
		E5CFEB64207F52980075DBE2 /* Location.swift in Sources */ = {isa = PBXBuildFile; fileRef = E5CFEB25207F52970075DBE2 /* Location.swift */; };
		E5CFEB65207F52980075DBE2 /* Assets.swift in Sources */ = {isa = PBXBuildFile; fileRef = E5CFEB28207F52970075DBE2 /* Assets.swift */; };
		E5CFEB66207F52980075DBE2 /* PhotoLibraryPickerViewController.swift in Sources */ = {isa = PBXBuildFile; fileRef = E5CFEB29207F52970075DBE2 /* PhotoLibraryPickerViewController.swift */; };
		E5CFEB67207F52980075DBE2 /* PickerViewViewController.swift in Sources */ = {isa = PBXBuildFile; fileRef = E5CFEB2B207F52970075DBE2 /* PickerViewViewController.swift */; };
		E5CFEB68207F52980075DBE2 /* PhotoLayout.swift in Sources */ = {isa = PBXBuildFile; fileRef = E5CFEB2E207F52970075DBE2 /* PhotoLayout.swift */; };
		E5CFEB69207F52980075DBE2 /* TelegramPickerViewController.swift in Sources */ = {isa = PBXBuildFile; fileRef = E5CFEB2F207F52970075DBE2 /* TelegramPickerViewController.swift */; };
		E5CFEB6A207F52980075DBE2 /* ItemWithPhoto.swift in Sources */ = {isa = PBXBuildFile; fileRef = E5CFEB31207F52970075DBE2 /* ItemWithPhoto.swift */; };
		E5CFEB6B207F52980075DBE2 /* LikeButtonCell.swift in Sources */ = {isa = PBXBuildFile; fileRef = E5CFEB32207F52970075DBE2 /* LikeButtonCell.swift */; };
		E5CFEB6C207F52980075DBE2 /* OneTextFieldViewController.swift in Sources */ = {isa = PBXBuildFile; fileRef = E5CFEB34207F52970075DBE2 /* OneTextFieldViewController.swift */; };
		E5CFEB6D207F52980075DBE2 /* TwoTextFieldsViewController.swift in Sources */ = {isa = PBXBuildFile; fileRef = E5CFEB35207F52970075DBE2 /* TwoTextFieldsViewController.swift */; };
		E5CFEB6E207F52980075DBE2 /* AttributedTextBlock.swift in Sources */ = {isa = PBXBuildFile; fileRef = E5CFEB38207F52970075DBE2 /* AttributedTextBlock.swift */; };
		E5CFEB6F207F52980075DBE2 /* TextViewController.swift in Sources */ = {isa = PBXBuildFile; fileRef = E5CFEB39207F52970075DBE2 /* TextViewController.swift */; };
		E5CFEB70207F52980075DBE2 /* Button.swift in Sources */ = {isa = PBXBuildFile; fileRef = E5CFEB3B207F52970075DBE2 /* Button.swift */; };
		E5CFEB71207F52980075DBE2 /* GradientSlider.swift in Sources */ = {isa = PBXBuildFile; fileRef = E5CFEB3C207F52970075DBE2 /* GradientSlider.swift */; };
		E5CFEB72207F52980075DBE2 /* Label.swift in Sources */ = {isa = PBXBuildFile; fileRef = E5CFEB3D207F52970075DBE2 /* Label.swift */; };
		E5CFEB73207F52980075DBE2 /* SegmentedControl.swift in Sources */ = {isa = PBXBuildFile; fileRef = E5CFEB3E207F52970075DBE2 /* SegmentedControl.swift */; };
		E5CFEB74207F52980075DBE2 /* TextField.swift in Sources */ = {isa = PBXBuildFile; fileRef = E5CFEB3F207F52970075DBE2 /* TextField.swift */; };
		E5EC51442076582100E223F5 /* GlobalStatics.swift in Sources */ = {isa = PBXBuildFile; fileRef = E5EC50FA2074C02B00E223F5 /* GlobalStatics.swift */; };
		E5EC51452076582400E223F5 /* Extensions.swift in Sources */ = {isa = PBXBuildFile; fileRef = E5EC50F82074BFFE00E223F5 /* Extensions.swift */; };
		E5EC51462076582900E223F5 /* FilterRulePackage.swift in Sources */ = {isa = PBXBuildFile; fileRef = E5EC50EF2074AC0E00E223F5 /* FilterRulePackage.swift */; };
		E5EC51472076582C00E223F5 /* FilterRuleGroup.swift in Sources */ = {isa = PBXBuildFile; fileRef = E5EC50ED2073875700E223F5 /* FilterRuleGroup.swift */; };
		E5EC51482076583100E223F5 /* FilterRule.swift in Sources */ = {isa = PBXBuildFile; fileRef = E52D44E4207233BD000ACF59 /* FilterRule.swift */; };
		E5EC51492076583400E223F5 /* QueryRequest.swift in Sources */ = {isa = PBXBuildFile; fileRef = E52D44E62072390D000ACF59 /* QueryRequest.swift */; };
		E5EC514A20765A2000E223F5 /* Message_Filter_Framework.framework in Frameworks */ = {isa = PBXBuildFile; fileRef = E5EC513620764D2400E223F5 /* Message_Filter_Framework.framework */; };
		E5EC514E207660A900E223F5 /* Message_Filter_Framework.framework in Frameworks */ = {isa = PBXBuildFile; fileRef = E5EC513620764D2400E223F5 /* Message_Filter_Framework.framework */; };
		E5EC5150207662E400E223F5 /* Message_Filter_Framework.framework in Embed Frameworks */ = {isa = PBXBuildFile; fileRef = E5EC513620764D2400E223F5 /* Message_Filter_Framework.framework */; settings = {ATTRIBUTES = (CodeSignOnCopy, RemoveHeadersOnCopy, ); }; };
/* End PBXBuildFile section */

/* Begin PBXContainerItemProxy section */
		E578DA582068A26B00669A92 /* PBXContainerItemProxy */ = {
			isa = PBXContainerItemProxy;
			containerPortal = E578DA322068A22B00669A92 /* Project object */;
			proxyType = 1;
			remoteGlobalIDString = E578DA522068A26B00669A92;
			remoteInfo = SMS_Blocker_Extension;
		};
		E5EC5151207662E400E223F5 /* PBXContainerItemProxy */ = {
			isa = PBXContainerItemProxy;
			containerPortal = E578DA322068A22B00669A92 /* Project object */;
			proxyType = 1;
			remoteGlobalIDString = E5EC513520764D2400E223F5;
			remoteInfo = "Message-Filter-Framework";
		};
/* End PBXContainerItemProxy section */

/* Begin PBXCopyFilesBuildPhase section */
		E578DA5E2068A26B00669A92 /* Embed App Extensions */ = {
			isa = PBXCopyFilesBuildPhase;
			buildActionMask = 2147483647;
			dstPath = "";
			dstSubfolderSpec = 13;
			files = (
				E578DA5A2068A26B00669A92 /* Message-Filter-Extension.appex in Embed App Extensions */,
			);
			name = "Embed App Extensions";
			runOnlyForDeploymentPostprocessing = 0;
		};
		E5EC5153207662E400E223F5 /* Embed Frameworks */ = {
			isa = PBXCopyFilesBuildPhase;
			buildActionMask = 2147483647;
			dstPath = "";
			dstSubfolderSpec = 10;
			files = (
				E5EC5150207662E400E223F5 /* Message_Filter_Framework.framework in Embed Frameworks */,
			);
			name = "Embed Frameworks";
			runOnlyForDeploymentPostprocessing = 0;
		};
/* End PBXCopyFilesBuildPhase section */

/* Begin PBXFileReference section */
		218AEBDC877EFDB1A33B2661 /* Pods-Message-Filter-Framework.debug.xcconfig */ = {isa = PBXFileReference; includeInIndex = 1; lastKnownFileType = text.xcconfig; name = "Pods-Message-Filter-Framework.debug.xcconfig"; path = "Pods/Target Support Files/Pods-Message-Filter-Framework/Pods-Message-Filter-Framework.debug.xcconfig"; sourceTree = "<group>"; };
		223B451BC8D8F0415EE6F2BF /* Pods-Message-Filter-Extension.release.xcconfig */ = {isa = PBXFileReference; includeInIndex = 1; lastKnownFileType = text.xcconfig; name = "Pods-Message-Filter-Extension.release.xcconfig"; path = "Pods/Target Support Files/Pods-Message-Filter-Extension/Pods-Message-Filter-Extension.release.xcconfig"; sourceTree = "<group>"; };
		3AEC774280B787B042D54F57 /* Pods_Message_Filter_Framework.framework */ = {isa = PBXFileReference; explicitFileType = wrapper.framework; includeInIndex = 0; path = Pods_Message_Filter_Framework.framework; sourceTree = BUILT_PRODUCTS_DIR; };
		548187ED6CCDEE864D4D15A6 /* Pods-Message-Filter-Framework.release.xcconfig */ = {isa = PBXFileReference; includeInIndex = 1; lastKnownFileType = text.xcconfig; name = "Pods-Message-Filter-Framework.release.xcconfig"; path = "Pods/Target Support Files/Pods-Message-Filter-Framework/Pods-Message-Filter-Framework.release.xcconfig"; sourceTree = "<group>"; };
		612B9974721876FF56C68792 /* Pods_Message_Filter_Extension.framework */ = {isa = PBXFileReference; explicitFileType = wrapper.framework; includeInIndex = 0; path = Pods_Message_Filter_Extension.framework; sourceTree = BUILT_PRODUCTS_DIR; };
		74B0AE33FD8A187AED1C631E /* Pods_Message_Filter.framework */ = {isa = PBXFileReference; explicitFileType = wrapper.framework; includeInIndex = 0; path = Pods_Message_Filter.framework; sourceTree = BUILT_PRODUCTS_DIR; };
		97E39F2E4E92F8609F0B47C7 /* Pods-Message-Filter-Extension.debug.xcconfig */ = {isa = PBXFileReference; includeInIndex = 1; lastKnownFileType = text.xcconfig; name = "Pods-Message-Filter-Extension.debug.xcconfig"; path = "Pods/Target Support Files/Pods-Message-Filter-Extension/Pods-Message-Filter-Extension.debug.xcconfig"; sourceTree = "<group>"; };
		A91A4B37917A700936F3B574 /* Pods-Message-Filter.release.xcconfig */ = {isa = PBXFileReference; includeInIndex = 1; lastKnownFileType = text.xcconfig; name = "Pods-Message-Filter.release.xcconfig"; path = "Pods/Target Support Files/Pods-Message-Filter/Pods-Message-Filter.release.xcconfig"; sourceTree = "<group>"; };
		E5120BE3207AF61000B2FF5C /* GlobalStatics.swift */ = {isa = PBXFileReference; lastKnownFileType = sourcecode.swift; path = GlobalStatics.swift; sourceTree = "<group>"; };
		E5120BE6207B6CA300B2FF5C /* AddRuleViewController.swift */ = {isa = PBXFileReference; lastKnownFileType = sourcecode.swift; path = AddRuleViewController.swift; sourceTree = "<group>"; };
		E52D44E4207233BD000ACF59 /* FilterRule.swift */ = {isa = PBXFileReference; lastKnownFileType = sourcecode.swift; path = FilterRule.swift; sourceTree = "<group>"; };
		E52D44E62072390D000ACF59 /* QueryRequest.swift */ = {isa = PBXFileReference; lastKnownFileType = sourcecode.swift; path = QueryRequest.swift; sourceTree = "<group>"; };
		E55AB1C3207793E80030A084 /* FilterRuleGroupCell.swift */ = {isa = PBXFileReference; lastKnownFileType = sourcecode.swift; path = FilterRuleGroupCell.swift; sourceTree = "<group>"; };
		E55AB1C4207793E80030A084 /* FilterRuleGroupCell.xib */ = {isa = PBXFileReference; lastKnownFileType = file.xib; path = FilterRuleGroupCell.xib; sourceTree = "<group>"; };
		E578DA3A2068A22B00669A92 /* Message-Filter.app */ = {isa = PBXFileReference; explicitFileType = wrapper.application; includeInIndex = 0; path = "Message-Filter.app"; sourceTree = BUILT_PRODUCTS_DIR; };
		E578DA3D2068A22B00669A92 /* AppDelegate.swift */ = {isa = PBXFileReference; lastKnownFileType = sourcecode.swift; path = AppDelegate.swift; sourceTree = "<group>"; };
		E578DA3F2068A22B00669A92 /* ViewController.swift */ = {isa = PBXFileReference; lastKnownFileType = sourcecode.swift; path = ViewController.swift; sourceTree = "<group>"; };
		E578DA422068A22B00669A92 /* Base */ = {isa = PBXFileReference; lastKnownFileType = file.storyboard; name = Base; path = Base.lproj/Main.storyboard; sourceTree = "<group>"; };
		E578DA442068A22B00669A92 /* Assets.xcassets */ = {isa = PBXFileReference; lastKnownFileType = folder.assetcatalog; path = Assets.xcassets; sourceTree = "<group>"; };
		E578DA472068A22B00669A92 /* Base */ = {isa = PBXFileReference; lastKnownFileType = file.storyboard; name = Base; path = Base.lproj/LaunchScreen.storyboard; sourceTree = "<group>"; };
		E578DA492068A22B00669A92 /* Info.plist */ = {isa = PBXFileReference; lastKnownFileType = text.plist.xml; path = Info.plist; sourceTree = "<group>"; };
		E578DA532068A26B00669A92 /* Message-Filter-Extension.appex */ = {isa = PBXFileReference; explicitFileType = "wrapper.app-extension"; includeInIndex = 0; path = "Message-Filter-Extension.appex"; sourceTree = BUILT_PRODUCTS_DIR; };
		E578DA552068A26B00669A92 /* MessageFilterExtension.swift */ = {isa = PBXFileReference; lastKnownFileType = sourcecode.swift; path = MessageFilterExtension.swift; sourceTree = "<group>"; };
		E578DA572068A26B00669A92 /* Info.plist */ = {isa = PBXFileReference; lastKnownFileType = text.plist.xml; path = Info.plist; sourceTree = "<group>"; };
		E582DFEB2085F63900C5D799 /* zh-Hans */ = {isa = PBXFileReference; lastKnownFileType = text.plist.strings; name = "zh-Hans"; path = "zh-Hans.lproj/LaunchScreen.strings"; sourceTree = "<group>"; };
		E582DFED2085F66E00C5D799 /* Base */ = {isa = PBXFileReference; lastKnownFileType = text.plist.strings; name = Base; path = Base.lproj/Localizable.strings; sourceTree = "<group>"; };
		E582DFEE2085F67C00C5D799 /* zh-Hans */ = {isa = PBXFileReference; lastKnownFileType = text.plist.strings; name = "zh-Hans"; path = "zh-Hans.lproj/Localizable.strings"; sourceTree = "<group>"; };
		E582DFF22085F69500C5D799 /* en */ = {isa = PBXFileReference; lastKnownFileType = text.plist.strings; name = en; path = en.lproj/LaunchScreen.strings; sourceTree = "<group>"; };
		E582DFF32085F69C00C5D799 /* en */ = {isa = PBXFileReference; lastKnownFileType = text.plist.strings; name = en; path = en.lproj/Localizable.strings; sourceTree = "<group>"; };
		E582DFF62085F73F00C5D799 /* zh-Hans */ = {isa = PBXFileReference; lastKnownFileType = text.plist.strings; name = "zh-Hans"; path = "zh-Hans.lproj/Main.strings"; sourceTree = "<group>"; };
		E582DFF82085F74D00C5D799 /* en */ = {isa = PBXFileReference; lastKnownFileType = text.plist.strings; name = en; path = en.lproj/Main.strings; sourceTree = "<group>"; };
		E5CFEAF1207F52970075DBE2 /* Array+Extensions.swift */ = {isa = PBXFileReference; fileEncoding = 4; lastKnownFileType = sourcecode.swift; path = "Array+Extensions.swift"; sourceTree = "<group>"; };
		E5CFEAF2207F52970075DBE2 /* Common+Extensions.swift */ = {isa = PBXFileReference; fileEncoding = 4; lastKnownFileType = sourcecode.swift; path = "Common+Extensions.swift"; sourceTree = "<group>"; };
		E5CFEAF3207F52970075DBE2 /* Date+Extension.swift */ = {isa = PBXFileReference; fileEncoding = 4; lastKnownFileType = sourcecode.swift; path = "Date+Extension.swift"; sourceTree = "<group>"; };
		E5CFEAF4207F52970075DBE2 /* Locale+Extensions.swift */ = {isa = PBXFileReference; fileEncoding = 4; lastKnownFileType = sourcecode.swift; path = "Locale+Extensions.swift"; sourceTree = "<group>"; };
		E5CFEAF5207F52970075DBE2 /* Optional+Extensions.swift */ = {isa = PBXFileReference; fileEncoding = 4; lastKnownFileType = sourcecode.swift; path = "Optional+Extensions.swift"; sourceTree = "<group>"; };
		E5CFEAF6207F52970075DBE2 /* String+Extensions.swift */ = {isa = PBXFileReference; fileEncoding = 4; lastKnownFileType = sourcecode.swift; path = "String+Extensions.swift"; sourceTree = "<group>"; };
		E5CFEAF7207F52970075DBE2 /* UIAlertController+Extensions.swift */ = {isa = PBXFileReference; fileEncoding = 4; lastKnownFileType = sourcecode.swift; path = "UIAlertController+Extensions.swift"; sourceTree = "<group>"; };
		E5CFEAF8207F52970075DBE2 /* UIApplication+Extensions.swift */ = {isa = PBXFileReference; fileEncoding = 4; lastKnownFileType = sourcecode.swift; path = "UIApplication+Extensions.swift"; sourceTree = "<group>"; };
		E5CFEAF9207F52970075DBE2 /* UIColor+Extensions.swift */ = {isa = PBXFileReference; fileEncoding = 4; lastKnownFileType = sourcecode.swift; path = "UIColor+Extensions.swift"; sourceTree = "<group>"; };
		E5CFEAFA207F52970075DBE2 /* UIImage+Extensions.swift */ = {isa = PBXFileReference; fileEncoding = 4; lastKnownFileType = sourcecode.swift; path = "UIImage+Extensions.swift"; sourceTree = "<group>"; };
		E5CFEAFB207F52970075DBE2 /* UIImageView+Extensions.swift */ = {isa = PBXFileReference; fileEncoding = 4; lastKnownFileType = sourcecode.swift; path = "UIImageView+Extensions.swift"; sourceTree = "<group>"; };
		E5CFEAFC207F52970075DBE2 /* UISearchBar+Extensions.swift */ = {isa = PBXFileReference; fileEncoding = 4; lastKnownFileType = sourcecode.swift; path = "UISearchBar+Extensions.swift"; sourceTree = "<group>"; };
		E5CFEAFD207F52970075DBE2 /* UISegmentedControl+Extensions.swift */ = {isa = PBXFileReference; fileEncoding = 4; lastKnownFileType = sourcecode.swift; path = "UISegmentedControl+Extensions.swift"; sourceTree = "<group>"; };
		E5CFEAFE207F52970075DBE2 /* UITextField+Extensions.swift */ = {isa = PBXFileReference; fileEncoding = 4; lastKnownFileType = sourcecode.swift; path = "UITextField+Extensions.swift"; sourceTree = "<group>"; };
		E5CFEAFF207F52970075DBE2 /* UITextView+Extensions.swift */ = {isa = PBXFileReference; fileEncoding = 4; lastKnownFileType = sourcecode.swift; path = "UITextView+Extensions.swift"; sourceTree = "<group>"; };
		E5CFEB00207F52970075DBE2 /* UIView+Extensions.swift */ = {isa = PBXFileReference; fileEncoding = 4; lastKnownFileType = sourcecode.swift; path = "UIView+Extensions.swift"; sourceTree = "<group>"; };
		E5CFEB01207F52970075DBE2 /* UIViewController+Extensions.swift */ = {isa = PBXFileReference; fileEncoding = 4; lastKnownFileType = sourcecode.swift; path = "UIViewController+Extensions.swift"; sourceTree = "<group>"; };
		E5CFEB04207F52970075DBE2 /* ColorPickerViewController.swift */ = {isa = PBXFileReference; fileEncoding = 4; lastKnownFileType = sourcecode.swift; path = ColorPickerViewController.swift; sourceTree = "<group>"; };
		E5CFEB06207F52970075DBE2 /* ContactsPickerViewController.swift */ = {isa = PBXFileReference; fileEncoding = 4; lastKnownFileType = sourcecode.swift; path = ContactsPickerViewController.swift; sourceTree = "<group>"; };
		E5CFEB08207F52970075DBE2 /* Contacts.swift */ = {isa = PBXFileReference; fileEncoding = 4; lastKnownFileType = sourcecode.swift; path = Contacts.swift; sourceTree = "<group>"; };
		E5CFEB0A207F52970075DBE2 /* Contact.swift */ = {isa = PBXFileReference; fileEncoding = 4; lastKnownFileType = sourcecode.swift; path = Contact.swift; sourceTree = "<group>"; };
		E5CFEB0C207F52970075DBE2 /* ContactCell.swift */ = {isa = PBXFileReference; fileEncoding = 4; lastKnownFileType = sourcecode.swift; path = ContactCell.swift; sourceTree = "<group>"; };
		E5CFEB0E207F52970075DBE2 /* DatePickerViewController.swift */ = {isa = PBXFileReference; fileEncoding = 4; lastKnownFileType = sourcecode.swift; path = DatePickerViewController.swift; sourceTree = "<group>"; };
		E5CFEB10207F52970075DBE2 /* ImagePickerViewController.swift */ = {isa = PBXFileReference; fileEncoding = 4; lastKnownFileType = sourcecode.swift; path = ImagePickerViewController.swift; sourceTree = "<group>"; };
		E5CFEB12207F52970075DBE2 /* ItemWithImage.swift */ = {isa = PBXFileReference; fileEncoding = 4; lastKnownFileType = sourcecode.swift; path = ItemWithImage.swift; sourceTree = "<group>"; };
		E5CFEB14207F52970075DBE2 /* Countries.bundle */ = {isa = PBXFileReference; lastKnownFileType = "wrapper.plug-in"; path = Countries.bundle; sourceTree = "<group>"; };
		E5CFEB15207F52970075DBE2 /* LocalePickerViewController.swift */ = {isa = PBXFileReference; fileEncoding = 4; lastKnownFileType = sourcecode.swift; path = LocalePickerViewController.swift; sourceTree = "<group>"; };
		E5CFEB17207F52970075DBE2 /* LocaleStore.swift */ = {isa = PBXFileReference; fileEncoding = 4; lastKnownFileType = sourcecode.swift; path = LocaleStore.swift; sourceTree = "<group>"; };
		E5CFEB19207F52970075DBE2 /* LocaleInfo.swift */ = {isa = PBXFileReference; fileEncoding = 4; lastKnownFileType = sourcecode.swift; path = LocaleInfo.swift; sourceTree = "<group>"; };
		E5CFEB1B207F52970075DBE2 /* CountryCell.swift */ = {isa = PBXFileReference; fileEncoding = 4; lastKnownFileType = sourcecode.swift; path = CountryCell.swift; sourceTree = "<group>"; };
		E5CFEB1C207F52970075DBE2 /* CurrencyCell.swift */ = {isa = PBXFileReference; fileEncoding = 4; lastKnownFileType = sourcecode.swift; path = CurrencyCell.swift; sourceTree = "<group>"; };
		E5CFEB1D207F52970075DBE2 /* PhoneCodeCell.swift */ = {isa = PBXFileReference; fileEncoding = 4; lastKnownFileType = sourcecode.swift; path = PhoneCodeCell.swift; sourceTree = "<group>"; };
		E5CFEB1F207F52970075DBE2 /* LocationPickerViewController.swift */ = {isa = PBXFileReference; fileEncoding = 4; lastKnownFileType = sourcecode.swift; path = LocationPickerViewController.swift; sourceTree = "<group>"; };
		E5CFEB20207F52970075DBE2 /* LocationSearchResultsViewController.swift */ = {isa = PBXFileReference; fileEncoding = 4; lastKnownFileType = sourcecode.swift; path = LocationSearchResultsViewController.swift; sourceTree = "<group>"; };
		E5CFEB22207F52970075DBE2 /* SearchHistoryManager.swift */ = {isa = PBXFileReference; fileEncoding = 4; lastKnownFileType = sourcecode.swift; path = SearchHistoryManager.swift; sourceTree = "<group>"; };
		E5CFEB24207F52970075DBE2 /* Address.swift */ = {isa = PBXFileReference; fileEncoding = 4; lastKnownFileType = sourcecode.swift; path = Address.swift; sourceTree = "<group>"; };
		E5CFEB25207F52970075DBE2 /* Location.swift */ = {isa = PBXFileReference; fileEncoding = 4; lastKnownFileType = sourcecode.swift; path = Location.swift; sourceTree = "<group>"; };
		E5CFEB28207F52970075DBE2 /* Assets.swift */ = {isa = PBXFileReference; fileEncoding = 4; lastKnownFileType = sourcecode.swift; path = Assets.swift; sourceTree = "<group>"; };
		E5CFEB29207F52970075DBE2 /* PhotoLibraryPickerViewController.swift */ = {isa = PBXFileReference; fileEncoding = 4; lastKnownFileType = sourcecode.swift; path = PhotoLibraryPickerViewController.swift; sourceTree = "<group>"; };
		E5CFEB2B207F52970075DBE2 /* PickerViewViewController.swift */ = {isa = PBXFileReference; fileEncoding = 4; lastKnownFileType = sourcecode.swift; path = PickerViewViewController.swift; sourceTree = "<group>"; };
		E5CFEB2E207F52970075DBE2 /* PhotoLayout.swift */ = {isa = PBXFileReference; fileEncoding = 4; lastKnownFileType = sourcecode.swift; path = PhotoLayout.swift; sourceTree = "<group>"; };
		E5CFEB2F207F52970075DBE2 /* TelegramPickerViewController.swift */ = {isa = PBXFileReference; fileEncoding = 4; lastKnownFileType = sourcecode.swift; path = TelegramPickerViewController.swift; sourceTree = "<group>"; };
		E5CFEB31207F52970075DBE2 /* ItemWithPhoto.swift */ = {isa = PBXFileReference; fileEncoding = 4; lastKnownFileType = sourcecode.swift; path = ItemWithPhoto.swift; sourceTree = "<group>"; };
		E5CFEB32207F52970075DBE2 /* LikeButtonCell.swift */ = {isa = PBXFileReference; fileEncoding = 4; lastKnownFileType = sourcecode.swift; path = LikeButtonCell.swift; sourceTree = "<group>"; };
		E5CFEB34207F52970075DBE2 /* OneTextFieldViewController.swift */ = {isa = PBXFileReference; fileEncoding = 4; lastKnownFileType = sourcecode.swift; path = OneTextFieldViewController.swift; sourceTree = "<group>"; };
		E5CFEB35207F52970075DBE2 /* TwoTextFieldsViewController.swift */ = {isa = PBXFileReference; fileEncoding = 4; lastKnownFileType = sourcecode.swift; path = TwoTextFieldsViewController.swift; sourceTree = "<group>"; };
		E5CFEB38207F52970075DBE2 /* AttributedTextBlock.swift */ = {isa = PBXFileReference; fileEncoding = 4; lastKnownFileType = sourcecode.swift; path = AttributedTextBlock.swift; sourceTree = "<group>"; };
		E5CFEB39207F52970075DBE2 /* TextViewController.swift */ = {isa = PBXFileReference; fileEncoding = 4; lastKnownFileType = sourcecode.swift; path = TextViewController.swift; sourceTree = "<group>"; };
		E5CFEB3B207F52970075DBE2 /* Button.swift */ = {isa = PBXFileReference; fileEncoding = 4; lastKnownFileType = sourcecode.swift; path = Button.swift; sourceTree = "<group>"; };
		E5CFEB3C207F52970075DBE2 /* GradientSlider.swift */ = {isa = PBXFileReference; fileEncoding = 4; lastKnownFileType = sourcecode.swift; path = GradientSlider.swift; sourceTree = "<group>"; };
		E5CFEB3D207F52970075DBE2 /* Label.swift */ = {isa = PBXFileReference; fileEncoding = 4; lastKnownFileType = sourcecode.swift; path = Label.swift; sourceTree = "<group>"; };
		E5CFEB3E207F52970075DBE2 /* SegmentedControl.swift */ = {isa = PBXFileReference; fileEncoding = 4; lastKnownFileType = sourcecode.swift; path = SegmentedControl.swift; sourceTree = "<group>"; };
		E5CFEB3F207F52970075DBE2 /* TextField.swift */ = {isa = PBXFileReference; fileEncoding = 4; lastKnownFileType = sourcecode.swift; path = TextField.swift; sourceTree = "<group>"; };
		E5EC50ED2073875700E223F5 /* FilterRuleGroup.swift */ = {isa = PBXFileReference; lastKnownFileType = sourcecode.swift; path = FilterRuleGroup.swift; sourceTree = "<group>"; };
		E5EC50EF2074AC0E00E223F5 /* FilterRulePackage.swift */ = {isa = PBXFileReference; lastKnownFileType = sourcecode.swift; path = FilterRulePackage.swift; sourceTree = "<group>"; };
		E5EC50F12074B3DB00E223F5 /* Message-Filter.entitlements */ = {isa = PBXFileReference; lastKnownFileType = text.plist.entitlements; path = "Message-Filter.entitlements"; sourceTree = "<group>"; };
		E5EC50F22074B75A00E223F5 /* Message-Filter-Extension.entitlements */ = {isa = PBXFileReference; lastKnownFileType = text.plist.entitlements; path = "Message-Filter-Extension.entitlements"; sourceTree = "<group>"; };
		E5EC50F52074BA3F00E223F5 /* YYModel.framework */ = {isa = PBXFileReference; explicitFileType = wrapper.framework; path = YYModel.framework; sourceTree = BUILT_PRODUCTS_DIR; };
		E5EC50F82074BFFE00E223F5 /* Extensions.swift */ = {isa = PBXFileReference; lastKnownFileType = sourcecode.swift; path = Extensions.swift; sourceTree = "<group>"; };
		E5EC50FA2074C02B00E223F5 /* GlobalStatics.swift */ = {isa = PBXFileReference; lastKnownFileType = sourcecode.swift; path = GlobalStatics.swift; sourceTree = "<group>"; };
		E5EC50FE2074C6E200E223F5 /* Message-Filter-Bridging-Header.h */ = {isa = PBXFileReference; lastKnownFileType = sourcecode.c.h; path = "Message-Filter-Bridging-Header.h"; sourceTree = "<group>"; };
		E5EC51032074D4DC00E223F5 /* Message-Filter-Extension-Bridging-Header.h */ = {isa = PBXFileReference; lastKnownFileType = sourcecode.c.h; path = "Message-Filter-Extension-Bridging-Header.h"; sourceTree = "<group>"; };
		E5EC513620764D2400E223F5 /* Message_Filter_Framework.framework */ = {isa = PBXFileReference; explicitFileType = wrapper.framework; includeInIndex = 0; path = Message_Filter_Framework.framework; sourceTree = BUILT_PRODUCTS_DIR; };
		E5EC513920764D2400E223F5 /* Info.plist */ = {isa = PBXFileReference; lastKnownFileType = text.plist.xml; path = Info.plist; sourceTree = "<group>"; };
		E5EC514C20765AAD00E223F5 /* Message-Filter-Framework-Header.h */ = {isa = PBXFileReference; lastKnownFileType = sourcecode.c.h; path = "Message-Filter-Framework-Header.h"; sourceTree = "<group>"; };
		E931CC2BDE8494B6EF629250 /* Pods-Message-Filter.debug.xcconfig */ = {isa = PBXFileReference; includeInIndex = 1; lastKnownFileType = text.xcconfig; name = "Pods-Message-Filter.debug.xcconfig"; path = "Pods/Target Support Files/Pods-Message-Filter/Pods-Message-Filter.debug.xcconfig"; sourceTree = "<group>"; };
/* End PBXFileReference section */

/* Begin PBXFrameworksBuildPhase section */
		E578DA372068A22B00669A92 /* Frameworks */ = {
			isa = PBXFrameworksBuildPhase;
			buildActionMask = 2147483647;
			files = (
				E5EC514E207660A900E223F5 /* Message_Filter_Framework.framework in Frameworks */,
				1C51B2A6552060D9D1486C52 /* Pods_Message_Filter.framework in Frameworks */,
			);
			runOnlyForDeploymentPostprocessing = 0;
		};
		E578DA502068A26B00669A92 /* Frameworks */ = {
			isa = PBXFrameworksBuildPhase;
			buildActionMask = 2147483647;
			files = (
				E5EC514A20765A2000E223F5 /* Message_Filter_Framework.framework in Frameworks */,
				86E120F6B00AC77604AD1B0D /* Pods_Message_Filter_Extension.framework in Frameworks */,
			);
			runOnlyForDeploymentPostprocessing = 0;
		};
		E5EC513220764D2400E223F5 /* Frameworks */ = {
			isa = PBXFrameworksBuildPhase;
			buildActionMask = 2147483647;
			files = (
				BD0DB775AF3BC0E47BBA8D4C /* Pods_Message_Filter_Framework.framework in Frameworks */,
			);
			runOnlyForDeploymentPostprocessing = 0;
		};
/* End PBXFrameworksBuildPhase section */

/* Begin PBXGroup section */
		2548BD841060EF43EA2E602E /* Frameworks */ = {
			isa = PBXGroup;
			children = (
				E5EC50F52074BA3F00E223F5 /* YYModel.framework */,
				74B0AE33FD8A187AED1C631E /* Pods_Message_Filter.framework */,
				612B9974721876FF56C68792 /* Pods_Message_Filter_Extension.framework */,
				3AEC774280B787B042D54F57 /* Pods_Message_Filter_Framework.framework */,
			);
			name = Frameworks;
			sourceTree = "<group>";
		};
		B6C69DBD87EF9D43A6D035D1 /* Pods */ = {
			isa = PBXGroup;
			children = (
				E931CC2BDE8494B6EF629250 /* Pods-Message-Filter.debug.xcconfig */,
				A91A4B37917A700936F3B574 /* Pods-Message-Filter.release.xcconfig */,
				97E39F2E4E92F8609F0B47C7 /* Pods-Message-Filter-Extension.debug.xcconfig */,
				223B451BC8D8F0415EE6F2BF /* Pods-Message-Filter-Extension.release.xcconfig */,
				218AEBDC877EFDB1A33B2661 /* Pods-Message-Filter-Framework.debug.xcconfig */,
				548187ED6CCDEE864D4D15A6 /* Pods-Message-Filter-Framework.release.xcconfig */,
			);
			name = Pods;
			sourceTree = "<group>";
		};
		E5120BE5207AF61600B2FF5C /* Utils */ = {
			isa = PBXGroup;
			children = (
				E5120BE3207AF61000B2FF5C /* GlobalStatics.swift */,
			);
			path = Utils;
			sourceTree = "<group>";
		};
		E55AB1C7207799950030A084 /* FilterRuleGroupCell */ = {
			isa = PBXGroup;
			children = (
				E55AB1C4207793E80030A084 /* FilterRuleGroupCell.xib */,
				E55AB1C3207793E80030A084 /* FilterRuleGroupCell.swift */,
			);
			path = FilterRuleGroupCell;
			sourceTree = "<group>";
		};
		E578DA312068A22B00669A92 = {
			isa = PBXGroup;
			children = (
				E578DA3C2068A22B00669A92 /* Message-Filter */,
				E578DA542068A26B00669A92 /* Message-Filter-Extension */,
				E5EC513720764D2400E223F5 /* Message-Filter-Framework */,
				E578DA3B2068A22B00669A92 /* Products */,
				2548BD841060EF43EA2E602E /* Frameworks */,
				B6C69DBD87EF9D43A6D035D1 /* Pods */,
			);
			sourceTree = "<group>";
		};
		E578DA3B2068A22B00669A92 /* Products */ = {
			isa = PBXGroup;
			children = (
				E578DA3A2068A22B00669A92 /* Message-Filter.app */,
				E578DA532068A26B00669A92 /* Message-Filter-Extension.appex */,
				E5EC513620764D2400E223F5 /* Message_Filter_Framework.framework */,
			);
			name = Products;
			sourceTree = "<group>";
		};
		E578DA3C2068A22B00669A92 /* Message-Filter */ = {
			isa = PBXGroup;
			children = (
				E5CFEAEF207F52970075DBE2 /* Alerts&Pickers */,
				E5EC50EB207371AB00E223F5 /* AppDelegate */,
				E5EC50EC207371B400E223F5 /* ViewController */,
				E55AB1C7207799950030A084 /* FilterRuleGroupCell */,
				E5120BE5207AF61600B2FF5C /* Utils */,
				E582DFE42085F50A00C5D799 /* Resources */,
				E578DA492068A22B00669A92 /* Info.plist */,
				E5EC50F12074B3DB00E223F5 /* Message-Filter.entitlements */,
				E5EC50FE2074C6E200E223F5 /* Message-Filter-Bridging-Header.h */,
			);
			path = "Message-Filter";
			sourceTree = "<group>";
		};
		E578DA542068A26B00669A92 /* Message-Filter-Extension */ = {
			isa = PBXGroup;
			children = (
				E578DA552068A26B00669A92 /* MessageFilterExtension.swift */,
				E578DA572068A26B00669A92 /* Info.plist */,
				E5EC50F22074B75A00E223F5 /* Message-Filter-Extension.entitlements */,
				E5EC51032074D4DC00E223F5 /* Message-Filter-Extension-Bridging-Header.h */,
			);
			path = "Message-Filter-Extension";
			sourceTree = "<group>";
		};
		E582DFE42085F50A00C5D799 /* Resources */ = {
			isa = PBXGroup;
			children = (
				E578DA412068A22B00669A92 /* Main.storyboard */,
				E578DA442068A22B00669A92 /* Assets.xcassets */,
				E578DA462068A22B00669A92 /* LaunchScreen.storyboard */,
				E582DFE92085F61600C5D799 /* Localizable.strings */,
			);
			path = Resources;
			sourceTree = "<group>";
		};
		E5CFEAEF207F52970075DBE2 /* Alerts&Pickers */ = {
			isa = PBXGroup;
			children = (
				E5CFEAF0207F52970075DBE2 /* Extensions */,
				E5CFEB02207F52970075DBE2 /* Pickers */,
				E5CFEB36207F52970075DBE2 /* Viewers */,
				E5CFEB3A207F52970075DBE2 /* Views */,
			);
			path = "Alerts&Pickers";
			sourceTree = "<group>";
		};
		E5CFEAF0207F52970075DBE2 /* Extensions */ = {
			isa = PBXGroup;
			children = (
				E5CFEAF1207F52970075DBE2 /* Array+Extensions.swift */,
				E5CFEAF2207F52970075DBE2 /* Common+Extensions.swift */,
				E5CFEAF3207F52970075DBE2 /* Date+Extension.swift */,
				E5CFEAF4207F52970075DBE2 /* Locale+Extensions.swift */,
				E5CFEAF5207F52970075DBE2 /* Optional+Extensions.swift */,
				E5CFEAF6207F52970075DBE2 /* String+Extensions.swift */,
				E5CFEAF7207F52970075DBE2 /* UIAlertController+Extensions.swift */,
				E5CFEAF8207F52970075DBE2 /* UIApplication+Extensions.swift */,
				E5CFEAF9207F52970075DBE2 /* UIColor+Extensions.swift */,
				E5CFEAFA207F52970075DBE2 /* UIImage+Extensions.swift */,
				E5CFEAFB207F52970075DBE2 /* UIImageView+Extensions.swift */,
				E5CFEAFC207F52970075DBE2 /* UISearchBar+Extensions.swift */,
				E5CFEAFD207F52970075DBE2 /* UISegmentedControl+Extensions.swift */,
				E5CFEAFE207F52970075DBE2 /* UITextField+Extensions.swift */,
				E5CFEAFF207F52970075DBE2 /* UITextView+Extensions.swift */,
				E5CFEB00207F52970075DBE2 /* UIView+Extensions.swift */,
				E5CFEB01207F52970075DBE2 /* UIViewController+Extensions.swift */,
			);
			path = Extensions;
			sourceTree = "<group>";
		};
		E5CFEB02207F52970075DBE2 /* Pickers */ = {
			isa = PBXGroup;
			children = (
				E5CFEB03207F52970075DBE2 /* Color */,
				E5CFEB05207F52970075DBE2 /* Contacts */,
				E5CFEB0D207F52970075DBE2 /* Date */,
				E5CFEB0F207F52970075DBE2 /* Image */,
				E5CFEB13207F52970075DBE2 /* Locale */,
				E5CFEB1E207F52970075DBE2 /* Location */,
				E5CFEB26207F52970075DBE2 /* PhotoLibrary */,
				E5CFEB2A207F52970075DBE2 /* PickerView */,
				E5CFEB2C207F52970075DBE2 /* Telegram */,
				E5CFEB33207F52970075DBE2 /* TextFields */,
			);
			path = Pickers;
			sourceTree = "<group>";
		};
		E5CFEB03207F52970075DBE2 /* Color */ = {
			isa = PBXGroup;
			children = (
				E5CFEB04207F52970075DBE2 /* ColorPickerViewController.swift */,
			);
			path = Color;
			sourceTree = "<group>";
		};
		E5CFEB05207F52970075DBE2 /* Contacts */ = {
			isa = PBXGroup;
			children = (
				E5CFEB06207F52970075DBE2 /* ContactsPickerViewController.swift */,
				E5CFEB07207F52970075DBE2 /* Managers */,
				E5CFEB09207F52970075DBE2 /* Models */,
				E5CFEB0B207F52970075DBE2 /* Views */,
			);
			path = Contacts;
			sourceTree = "<group>";
		};
		E5CFEB07207F52970075DBE2 /* Managers */ = {
			isa = PBXGroup;
			children = (
				E5CFEB08207F52970075DBE2 /* Contacts.swift */,
			);
			path = Managers;
			sourceTree = "<group>";
		};
		E5CFEB09207F52970075DBE2 /* Models */ = {
			isa = PBXGroup;
			children = (
				E5CFEB0A207F52970075DBE2 /* Contact.swift */,
			);
			path = Models;
			sourceTree = "<group>";
		};
		E5CFEB0B207F52970075DBE2 /* Views */ = {
			isa = PBXGroup;
			children = (
				E5CFEB0C207F52970075DBE2 /* ContactCell.swift */,
			);
			path = Views;
			sourceTree = "<group>";
		};
		E5CFEB0D207F52970075DBE2 /* Date */ = {
			isa = PBXGroup;
			children = (
				E5CFEB0E207F52970075DBE2 /* DatePickerViewController.swift */,
			);
			path = Date;
			sourceTree = "<group>";
		};
		E5CFEB0F207F52970075DBE2 /* Image */ = {
			isa = PBXGroup;
			children = (
				E5CFEB10207F52970075DBE2 /* ImagePickerViewController.swift */,
				E5CFEB11207F52970075DBE2 /* Views */,
			);
			path = Image;
			sourceTree = "<group>";
		};
		E5CFEB11207F52970075DBE2 /* Views */ = {
			isa = PBXGroup;
			children = (
				E5CFEB12207F52970075DBE2 /* ItemWithImage.swift */,
			);
			path = Views;
			sourceTree = "<group>";
		};
		E5CFEB13207F52970075DBE2 /* Locale */ = {
			isa = PBXGroup;
			children = (
				E5CFEB14207F52970075DBE2 /* Countries.bundle */,
				E5CFEB15207F52970075DBE2 /* LocalePickerViewController.swift */,
				E5CFEB16207F52970075DBE2 /* Managers */,
				E5CFEB18207F52970075DBE2 /* Models */,
				E5CFEB1A207F52970075DBE2 /* Views */,
			);
			path = Locale;
			sourceTree = "<group>";
		};
		E5CFEB16207F52970075DBE2 /* Managers */ = {
			isa = PBXGroup;
			children = (
				E5CFEB17207F52970075DBE2 /* LocaleStore.swift */,
			);
			path = Managers;
			sourceTree = "<group>";
		};
		E5CFEB18207F52970075DBE2 /* Models */ = {
			isa = PBXGroup;
			children = (
				E5CFEB19207F52970075DBE2 /* LocaleInfo.swift */,
			);
			path = Models;
			sourceTree = "<group>";
		};
		E5CFEB1A207F52970075DBE2 /* Views */ = {
			isa = PBXGroup;
			children = (
				E5CFEB1B207F52970075DBE2 /* CountryCell.swift */,
				E5CFEB1C207F52970075DBE2 /* CurrencyCell.swift */,
				E5CFEB1D207F52970075DBE2 /* PhoneCodeCell.swift */,
			);
			path = Views;
			sourceTree = "<group>";
		};
		E5CFEB1E207F52970075DBE2 /* Location */ = {
			isa = PBXGroup;
			children = (
				E5CFEB1F207F52970075DBE2 /* LocationPickerViewController.swift */,
				E5CFEB20207F52970075DBE2 /* LocationSearchResultsViewController.swift */,
				E5CFEB21207F52970075DBE2 /* Managers */,
				E5CFEB23207F52970075DBE2 /* Models */,
			);
			path = Location;
			sourceTree = "<group>";
		};
		E5CFEB21207F52970075DBE2 /* Managers */ = {
			isa = PBXGroup;
			children = (
				E5CFEB22207F52970075DBE2 /* SearchHistoryManager.swift */,
			);
			path = Managers;
			sourceTree = "<group>";
		};
		E5CFEB23207F52970075DBE2 /* Models */ = {
			isa = PBXGroup;
			children = (
				E5CFEB24207F52970075DBE2 /* Address.swift */,
				E5CFEB25207F52970075DBE2 /* Location.swift */,
			);
			path = Models;
			sourceTree = "<group>";
		};
		E5CFEB26207F52970075DBE2 /* PhotoLibrary */ = {
			isa = PBXGroup;
			children = (
				E5CFEB27207F52970075DBE2 /* Managers */,
				E5CFEB29207F52970075DBE2 /* PhotoLibraryPickerViewController.swift */,
			);
			path = PhotoLibrary;
			sourceTree = "<group>";
		};
		E5CFEB27207F52970075DBE2 /* Managers */ = {
			isa = PBXGroup;
			children = (
				E5CFEB28207F52970075DBE2 /* Assets.swift */,
			);
			path = Managers;
			sourceTree = "<group>";
		};
		E5CFEB2A207F52970075DBE2 /* PickerView */ = {
			isa = PBXGroup;
			children = (
				E5CFEB2B207F52970075DBE2 /* PickerViewViewController.swift */,
			);
			path = PickerView;
			sourceTree = "<group>";
		};
		E5CFEB2C207F52970075DBE2 /* Telegram */ = {
			isa = PBXGroup;
			children = (
				E5CFEB2D207F52970075DBE2 /* Layouts */,
				E5CFEB2F207F52970075DBE2 /* TelegramPickerViewController.swift */,
				E5CFEB30207F52970075DBE2 /* Views */,
			);
			path = Telegram;
			sourceTree = "<group>";
		};
		E5CFEB2D207F52970075DBE2 /* Layouts */ = {
			isa = PBXGroup;
			children = (
				E5CFEB2E207F52970075DBE2 /* PhotoLayout.swift */,
			);
			path = Layouts;
			sourceTree = "<group>";
		};
		E5CFEB30207F52970075DBE2 /* Views */ = {
			isa = PBXGroup;
			children = (
				E5CFEB31207F52970075DBE2 /* ItemWithPhoto.swift */,
				E5CFEB32207F52970075DBE2 /* LikeButtonCell.swift */,
			);
			path = Views;
			sourceTree = "<group>";
		};
		E5CFEB33207F52970075DBE2 /* TextFields */ = {
			isa = PBXGroup;
			children = (
				E5CFEB34207F52970075DBE2 /* OneTextFieldViewController.swift */,
				E5CFEB35207F52970075DBE2 /* TwoTextFieldsViewController.swift */,
			);
			path = TextFields;
			sourceTree = "<group>";
		};
		E5CFEB36207F52970075DBE2 /* Viewers */ = {
			isa = PBXGroup;
			children = (
				E5CFEB37207F52970075DBE2 /* Models */,
				E5CFEB39207F52970075DBE2 /* TextViewController.swift */,
			);
			path = Viewers;
			sourceTree = "<group>";
		};
		E5CFEB37207F52970075DBE2 /* Models */ = {
			isa = PBXGroup;
			children = (
				E5CFEB38207F52970075DBE2 /* AttributedTextBlock.swift */,
			);
			path = Models;
			sourceTree = "<group>";
		};
		E5CFEB3A207F52970075DBE2 /* Views */ = {
			isa = PBXGroup;
			children = (
				E5CFEB3B207F52970075DBE2 /* Button.swift */,
				E5CFEB3C207F52970075DBE2 /* GradientSlider.swift */,
				E5CFEB3D207F52970075DBE2 /* Label.swift */,
				E5CFEB3E207F52970075DBE2 /* SegmentedControl.swift */,
				E5CFEB3F207F52970075DBE2 /* TextField.swift */,
			);
			path = Views;
			sourceTree = "<group>";
		};
		E5EC50EA2073719A00E223F5 /* Rule */ = {
			isa = PBXGroup;
			children = (
				E52D44E62072390D000ACF59 /* QueryRequest.swift */,
				E52D44E4207233BD000ACF59 /* FilterRule.swift */,
				E5EC50ED2073875700E223F5 /* FilterRuleGroup.swift */,
				E5EC50EF2074AC0E00E223F5 /* FilterRulePackage.swift */,
			);
			path = Rule;
			sourceTree = "<group>";
		};
		E5EC50EB207371AB00E223F5 /* AppDelegate */ = {
			isa = PBXGroup;
			children = (
				E578DA3D2068A22B00669A92 /* AppDelegate.swift */,
			);
			path = AppDelegate;
			sourceTree = "<group>";
		};
		E5EC50EC207371B400E223F5 /* ViewController */ = {
			isa = PBXGroup;
			children = (
				E578DA3F2068A22B00669A92 /* ViewController.swift */,
				E5120BE6207B6CA300B2FF5C /* AddRuleViewController.swift */,
			);
			path = ViewController;
			sourceTree = "<group>";
		};
		E5EC50F72074BFEC00E223F5 /* Utils */ = {
			isa = PBXGroup;
			children = (
				E5EC50F82074BFFE00E223F5 /* Extensions.swift */,
				E5EC50FA2074C02B00E223F5 /* GlobalStatics.swift */,
			);
			path = Utils;
			sourceTree = "<group>";
		};
		E5EC513720764D2400E223F5 /* Message-Filter-Framework */ = {
			isa = PBXGroup;
			children = (
				E5EC50EA2073719A00E223F5 /* Rule */,
				E5EC50F72074BFEC00E223F5 /* Utils */,
				E5EC513920764D2400E223F5 /* Info.plist */,
				E5EC514C20765AAD00E223F5 /* Message-Filter-Framework-Header.h */,
			);
			path = "Message-Filter-Framework";
			sourceTree = "<group>";
		};
/* End PBXGroup section */

/* Begin PBXHeadersBuildPhase section */
		E5EC513320764D2400E223F5 /* Headers */ = {
			isa = PBXHeadersBuildPhase;
			buildActionMask = 2147483647;
			files = (
			);
			runOnlyForDeploymentPostprocessing = 0;
		};
/* End PBXHeadersBuildPhase section */

/* Begin PBXNativeTarget section */
		E578DA392068A22B00669A92 /* Message-Filter */ = {
			isa = PBXNativeTarget;
			buildConfigurationList = E578DA4C2068A22B00669A92 /* Build configuration list for PBXNativeTarget "Message-Filter" */;
			buildPhases = (
				44483A8B873C5DC24C07A60B /* [CP] Check Pods Manifest.lock */,
				E578DA362068A22B00669A92 /* Sources */,
				E578DA372068A22B00669A92 /* Frameworks */,
				E578DA382068A22B00669A92 /* Resources */,
				E578DA5E2068A26B00669A92 /* Embed App Extensions */,
				98953605C3AF7BF3C5F430F8 /* [CP] Embed Pods Frameworks */,
				45438799D1C2F60D5A5310A8 /* [CP] Copy Pods Resources */,
				E5EC5153207662E400E223F5 /* Embed Frameworks */,
			);
			buildRules = (
			);
			dependencies = (
				E578DA592068A26B00669A92 /* PBXTargetDependency */,
				E5EC5152207662E400E223F5 /* PBXTargetDependency */,
			);
			name = "Message-Filter";
			productName = SMS_Blocker;
			productReference = E578DA3A2068A22B00669A92 /* Message-Filter.app */;
			productType = "com.apple.product-type.application";
		};
		E578DA522068A26B00669A92 /* Message-Filter-Extension */ = {
			isa = PBXNativeTarget;
			buildConfigurationList = E578DA5B2068A26B00669A92 /* Build configuration list for PBXNativeTarget "Message-Filter-Extension" */;
			buildPhases = (
				13919D2E2894EE6051F19308 /* [CP] Check Pods Manifest.lock */,
				E578DA4F2068A26B00669A92 /* Sources */,
				E578DA502068A26B00669A92 /* Frameworks */,
				E578DA512068A26B00669A92 /* Resources */,
				0542D2D87FC54F6688504259 /* [CP] Copy Pods Resources */,
			);
			buildRules = (
			);
			dependencies = (
			);
			name = "Message-Filter-Extension";
			productName = SMS_Blocker_Extension;
			productReference = E578DA532068A26B00669A92 /* Message-Filter-Extension.appex */;
			productType = "com.apple.product-type.app-extension";
		};
		E5EC513520764D2400E223F5 /* Message-Filter-Framework */ = {
			isa = PBXNativeTarget;
			buildConfigurationList = E5EC514120764D2400E223F5 /* Build configuration list for PBXNativeTarget "Message-Filter-Framework" */;
			buildPhases = (
				8C712535F7DF046686BF38EB /* [CP] Check Pods Manifest.lock */,
				E5EC513120764D2400E223F5 /* Sources */,
				E5EC513220764D2400E223F5 /* Frameworks */,
				E5EC513320764D2400E223F5 /* Headers */,
				E5EC513420764D2400E223F5 /* Resources */,
				A27CE95FD911321B9556831C /* [CP] Copy Pods Resources */,
			);
			buildRules = (
			);
			dependencies = (
			);
			name = "Message-Filter-Framework";
			productName = "Message-Filter-Framework";
			productReference = E5EC513620764D2400E223F5 /* Message_Filter_Framework.framework */;
			productType = "com.apple.product-type.framework";
		};
/* End PBXNativeTarget section */

/* Begin PBXProject section */
		E578DA322068A22B00669A92 /* Project object */ = {
			isa = PBXProject;
			attributes = {
				LastSwiftUpdateCheck = 0920;
				LastUpgradeCheck = 0930;
				ORGANIZATIONNAME = JuneDesign;
				TargetAttributes = {
					E578DA392068A22B00669A92 = {
						CreatedOnToolsVersion = 9.2;
						ProvisioningStyle = Automatic;
						SystemCapabilities = {
							com.apple.ApplicationGroups.iOS = {
								enabled = 1;
							};
							com.apple.Maps.iOS = {
								enabled = 0;
							};
						};
					};
					E578DA522068A26B00669A92 = {
						CreatedOnToolsVersion = 9.2;
						ProvisioningStyle = Automatic;
						SystemCapabilities = {
							com.apple.ApplicationGroups.iOS = {
								enabled = 1;
							};
						};
					};
					E5EC513520764D2400E223F5 = {
						CreatedOnToolsVersion = 9.3;
						ProvisioningStyle = Automatic;
					};
				};
			};
			buildConfigurationList = E578DA352068A22B00669A92 /* Build configuration list for PBXProject "Message-Filter" */;
			compatibilityVersion = "Xcode 8.0";
			developmentRegion = en;
			hasScannedForEncodings = 0;
			knownRegions = (
				en,
				Base,
				"zh-Hans",
			);
			mainGroup = E578DA312068A22B00669A92;
			productRefGroup = E578DA3B2068A22B00669A92 /* Products */;
			projectDirPath = "";
			projectRoot = "";
			targets = (
				E578DA392068A22B00669A92 /* Message-Filter */,
				E578DA522068A26B00669A92 /* Message-Filter-Extension */,
				E5EC513520764D2400E223F5 /* Message-Filter-Framework */,
			);
		};
/* End PBXProject section */

/* Begin PBXResourcesBuildPhase section */
		E578DA382068A22B00669A92 /* Resources */ = {
			isa = PBXResourcesBuildPhase;
			buildActionMask = 2147483647;
			files = (
				E578DA482068A22B00669A92 /* LaunchScreen.storyboard in Resources */,
				E582DFE72085F61600C5D799 /* Localizable.strings in Resources */,
				E5CFEB59207F52980075DBE2 /* Countries.bundle in Resources */,
				E578DA452068A22B00669A92 /* Assets.xcassets in Resources */,
				E578DA432068A22B00669A92 /* Main.storyboard in Resources */,
				E55AB1C6207793E80030A084 /* FilterRuleGroupCell.xib in Resources */,
			);
			runOnlyForDeploymentPostprocessing = 0;
		};
		E578DA512068A26B00669A92 /* Resources */ = {
			isa = PBXResourcesBuildPhase;
			buildActionMask = 2147483647;
			files = (
			);
			runOnlyForDeploymentPostprocessing = 0;
		};
		E5EC513420764D2400E223F5 /* Resources */ = {
			isa = PBXResourcesBuildPhase;
			buildActionMask = 2147483647;
			files = (
			);
			runOnlyForDeploymentPostprocessing = 0;
		};
/* End PBXResourcesBuildPhase section */

/* Begin PBXShellScriptBuildPhase section */
		0542D2D87FC54F6688504259 /* [CP] Copy Pods Resources */ = {
			isa = PBXShellScriptBuildPhase;
			buildActionMask = 2147483647;
			files = (
			);
			inputPaths = (
			);
			name = "[CP] Copy Pods Resources";
			outputPaths = (
			);
			runOnlyForDeploymentPostprocessing = 0;
			shellPath = /bin/sh;
			shellScript = "\"${SRCROOT}/Pods/Target Support Files/Pods-Message-Filter-Extension/Pods-Message-Filter-Extension-resources.sh\"\n";
			showEnvVarsInLog = 0;
		};
		13919D2E2894EE6051F19308 /* [CP] Check Pods Manifest.lock */ = {
			isa = PBXShellScriptBuildPhase;
			buildActionMask = 2147483647;
			files = (
			);
			inputPaths = (
				"${PODS_PODFILE_DIR_PATH}/Podfile.lock",
				"${PODS_ROOT}/Manifest.lock",
			);
			name = "[CP] Check Pods Manifest.lock";
			outputPaths = (
				"$(DERIVED_FILE_DIR)/Pods-Message-Filter-Extension-checkManifestLockResult.txt",
			);
			runOnlyForDeploymentPostprocessing = 0;
			shellPath = /bin/sh;
			shellScript = "diff \"${PODS_PODFILE_DIR_PATH}/Podfile.lock\" \"${PODS_ROOT}/Manifest.lock\" > /dev/null\nif [ $? != 0 ] ; then\n    # print error to STDERR\n    echo \"error: The sandbox is not in sync with the Podfile.lock. Run 'pod install' or update your CocoaPods installation.\" >&2\n    exit 1\nfi\n# This output is used by Xcode 'outputs' to avoid re-running this script phase.\necho \"SUCCESS\" > \"${SCRIPT_OUTPUT_FILE_0}\"\n";
			showEnvVarsInLog = 0;
		};
		44483A8B873C5DC24C07A60B /* [CP] Check Pods Manifest.lock */ = {
			isa = PBXShellScriptBuildPhase;
			buildActionMask = 2147483647;
			files = (
			);
			inputPaths = (
				"${PODS_PODFILE_DIR_PATH}/Podfile.lock",
				"${PODS_ROOT}/Manifest.lock",
			);
			name = "[CP] Check Pods Manifest.lock";
			outputPaths = (
				"$(DERIVED_FILE_DIR)/Pods-Message-Filter-checkManifestLockResult.txt",
			);
			runOnlyForDeploymentPostprocessing = 0;
			shellPath = /bin/sh;
			shellScript = "diff \"${PODS_PODFILE_DIR_PATH}/Podfile.lock\" \"${PODS_ROOT}/Manifest.lock\" > /dev/null\nif [ $? != 0 ] ; then\n    # print error to STDERR\n    echo \"error: The sandbox is not in sync with the Podfile.lock. Run 'pod install' or update your CocoaPods installation.\" >&2\n    exit 1\nfi\n# This output is used by Xcode 'outputs' to avoid re-running this script phase.\necho \"SUCCESS\" > \"${SCRIPT_OUTPUT_FILE_0}\"\n";
			showEnvVarsInLog = 0;
		};
		45438799D1C2F60D5A5310A8 /* [CP] Copy Pods Resources */ = {
			isa = PBXShellScriptBuildPhase;
			buildActionMask = 2147483647;
			files = (
			);
			inputPaths = (
			);
			name = "[CP] Copy Pods Resources";
			outputPaths = (
			);
			runOnlyForDeploymentPostprocessing = 0;
			shellPath = /bin/sh;
			shellScript = "\"${SRCROOT}/Pods/Target Support Files/Pods-Message-Filter/Pods-Message-Filter-resources.sh\"\n";
			showEnvVarsInLog = 0;
		};
		8C712535F7DF046686BF38EB /* [CP] Check Pods Manifest.lock */ = {
			isa = PBXShellScriptBuildPhase;
			buildActionMask = 2147483647;
			files = (
			);
			inputPaths = (
				"${PODS_PODFILE_DIR_PATH}/Podfile.lock",
				"${PODS_ROOT}/Manifest.lock",
			);
			name = "[CP] Check Pods Manifest.lock";
			outputPaths = (
				"$(DERIVED_FILE_DIR)/Pods-Message-Filter-Framework-checkManifestLockResult.txt",
			);
			runOnlyForDeploymentPostprocessing = 0;
			shellPath = /bin/sh;
			shellScript = "diff \"${PODS_PODFILE_DIR_PATH}/Podfile.lock\" \"${PODS_ROOT}/Manifest.lock\" > /dev/null\nif [ $? != 0 ] ; then\n    # print error to STDERR\n    echo \"error: The sandbox is not in sync with the Podfile.lock. Run 'pod install' or update your CocoaPods installation.\" >&2\n    exit 1\nfi\n# This output is used by Xcode 'outputs' to avoid re-running this script phase.\necho \"SUCCESS\" > \"${SCRIPT_OUTPUT_FILE_0}\"\n";
			showEnvVarsInLog = 0;
		};
		98953605C3AF7BF3C5F430F8 /* [CP] Embed Pods Frameworks */ = {
			isa = PBXShellScriptBuildPhase;
			buildActionMask = 2147483647;
			files = (
			);
			inputPaths = (
				"${SRCROOT}/Pods/Target Support Files/Pods-Message-Filter/Pods-Message-Filter-frameworks.sh",
				"${BUILT_PRODUCTS_DIR}/ChameleonFramework/ChameleonFramework.framework",
				"${BUILT_PRODUCTS_DIR}/Font-Awesome-Swift/Font_Awesome_Swift.framework",
				"${BUILT_PRODUCTS_DIR}/RAMPaperSwitch/RAMPaperSwitch.framework",
				"${BUILT_PRODUCTS_DIR}/SwipeCellKit/SwipeCellKit.framework",
			);
			name = "[CP] Embed Pods Frameworks";
			outputPaths = (
				"${TARGET_BUILD_DIR}/${FRAMEWORKS_FOLDER_PATH}/ChameleonFramework.framework",
				"${TARGET_BUILD_DIR}/${FRAMEWORKS_FOLDER_PATH}/Font_Awesome_Swift.framework",
				"${TARGET_BUILD_DIR}/${FRAMEWORKS_FOLDER_PATH}/RAMPaperSwitch.framework",
				"${TARGET_BUILD_DIR}/${FRAMEWORKS_FOLDER_PATH}/SwipeCellKit.framework",
			);
			runOnlyForDeploymentPostprocessing = 0;
			shellPath = /bin/sh;
			shellScript = "\"${SRCROOT}/Pods/Target Support Files/Pods-Message-Filter/Pods-Message-Filter-frameworks.sh\"\n";
			showEnvVarsInLog = 0;
		};
		A27CE95FD911321B9556831C /* [CP] Copy Pods Resources */ = {
			isa = PBXShellScriptBuildPhase;
			buildActionMask = 2147483647;
			files = (
			);
			inputPaths = (
			);
			name = "[CP] Copy Pods Resources";
			outputPaths = (
			);
			runOnlyForDeploymentPostprocessing = 0;
			shellPath = /bin/sh;
			shellScript = "\"${SRCROOT}/Pods/Target Support Files/Pods-Message-Filter-Framework/Pods-Message-Filter-Framework-resources.sh\"\n";
			showEnvVarsInLog = 0;
		};
/* End PBXShellScriptBuildPhase section */

/* Begin PBXSourcesBuildPhase section */
		E578DA362068A22B00669A92 /* Sources */ = {
			isa = PBXSourcesBuildPhase;
			buildActionMask = 2147483647;
			files = (
				E5CFEB54207F52980075DBE2 /* Contact.swift in Sources */,
				E5CFEB4F207F52980075DBE2 /* UIView+Extensions.swift in Sources */,
				E5CFEB41207F52980075DBE2 /* Common+Extensions.swift in Sources */,
				E5CFEB5F207F52980075DBE2 /* PhoneCodeCell.swift in Sources */,
				E5CFEB62207F52980075DBE2 /* SearchHistoryManager.swift in Sources */,
				E5CFEB69207F52980075DBE2 /* TelegramPickerViewController.swift in Sources */,
				E5CFEB45207F52980075DBE2 /* String+Extensions.swift in Sources */,
				E5CFEB44207F52980075DBE2 /* Optional+Extensions.swift in Sources */,
				E55AB1C5207793E80030A084 /* FilterRuleGroupCell.swift in Sources */,
				E5CFEB65207F52980075DBE2 /* Assets.swift in Sources */,
				E5CFEB52207F52980075DBE2 /* ContactsPickerViewController.swift in Sources */,
				E5CFEB61207F52980075DBE2 /* LocationSearchResultsViewController.swift in Sources */,
				E5CFEB47207F52980075DBE2 /* UIApplication+Extensions.swift in Sources */,
				E5CFEB5D207F52980075DBE2 /* CountryCell.swift in Sources */,
				E5CFEB50207F52980075DBE2 /* UIViewController+Extensions.swift in Sources */,
				E5CFEB6D207F52980075DBE2 /* TwoTextFieldsViewController.swift in Sources */,
				E5CFEB5B207F52980075DBE2 /* LocaleStore.swift in Sources */,
				E5CFEB6A207F52980075DBE2 /* ItemWithPhoto.swift in Sources */,
				E5CFEB70207F52980075DBE2 /* Button.swift in Sources */,
				E5CFEB63207F52980075DBE2 /* Address.swift in Sources */,
				E5CFEB55207F52980075DBE2 /* ContactCell.swift in Sources */,
				E5CFEB57207F52980075DBE2 /* ImagePickerViewController.swift in Sources */,
				E5CFEB43207F52980075DBE2 /* Locale+Extensions.swift in Sources */,
				E5CFEB40207F52980075DBE2 /* Array+Extensions.swift in Sources */,
				E5CFEB4B207F52980075DBE2 /* UISearchBar+Extensions.swift in Sources */,
				E5CFEB67207F52980075DBE2 /* PickerViewViewController.swift in Sources */,
				E5CFEB58207F52980075DBE2 /* ItemWithImage.swift in Sources */,
				E5CFEB5A207F52980075DBE2 /* LocalePickerViewController.swift in Sources */,
				E5CFEB71207F52980075DBE2 /* GradientSlider.swift in Sources */,
				E5CFEB5C207F52980075DBE2 /* LocaleInfo.swift in Sources */,
				E5CFEB74207F52980075DBE2 /* TextField.swift in Sources */,
				E5CFEB73207F52980075DBE2 /* SegmentedControl.swift in Sources */,
				E5120BE7207B6CA300B2FF5C /* AddRuleViewController.swift in Sources */,
				E5CFEB6E207F52980075DBE2 /* AttributedTextBlock.swift in Sources */,
				E5CFEB4D207F52980075DBE2 /* UITextField+Extensions.swift in Sources */,
				E578DA402068A22B00669A92 /* ViewController.swift in Sources */,
				E5CFEB66207F52980075DBE2 /* PhotoLibraryPickerViewController.swift in Sources */,
				E5CFEB56207F52980075DBE2 /* DatePickerViewController.swift in Sources */,
				E5CFEB6B207F52980075DBE2 /* LikeButtonCell.swift in Sources */,
				E5CFEB4E207F52980075DBE2 /* UITextView+Extensions.swift in Sources */,
				E5CFEB51207F52980075DBE2 /* ColorPickerViewController.swift in Sources */,
				E5CFEB5E207F52980075DBE2 /* CurrencyCell.swift in Sources */,
				E5CFEB42207F52980075DBE2 /* Date+Extension.swift in Sources */,
				E5CFEB6C207F52980075DBE2 /* OneTextFieldViewController.swift in Sources */,
				E5120BE4207AF61000B2FF5C /* GlobalStatics.swift in Sources */,
				E5CFEB48207F52980075DBE2 /* UIColor+Extensions.swift in Sources */,
				E5CFEB68207F52980075DBE2 /* PhotoLayout.swift in Sources */,
				E5CFEB60207F52980075DBE2 /* LocationPickerViewController.swift in Sources */,
				E5CFEB49207F52980075DBE2 /* UIImage+Extensions.swift in Sources */,
				E5CFEB4C207F52980075DBE2 /* UISegmentedControl+Extensions.swift in Sources */,
				E5CFEB72207F52980075DBE2 /* Label.swift in Sources */,
				E5CFEB46207F52980075DBE2 /* UIAlertController+Extensions.swift in Sources */,
				E5CFEB64207F52980075DBE2 /* Location.swift in Sources */,
				E5CFEB4A207F52980075DBE2 /* UIImageView+Extensions.swift in Sources */,
				E578DA3E2068A22B00669A92 /* AppDelegate.swift in Sources */,
				E5CFEB53207F52980075DBE2 /* Contacts.swift in Sources */,
				E5CFEB6F207F52980075DBE2 /* TextViewController.swift in Sources */,
			);
			runOnlyForDeploymentPostprocessing = 0;
		};
		E578DA4F2068A26B00669A92 /* Sources */ = {
			isa = PBXSourcesBuildPhase;
			buildActionMask = 2147483647;
			files = (
				E578DA562068A26B00669A92 /* MessageFilterExtension.swift in Sources */,
			);
			runOnlyForDeploymentPostprocessing = 0;
		};
		E5EC513120764D2400E223F5 /* Sources */ = {
			isa = PBXSourcesBuildPhase;
			buildActionMask = 2147483647;
			files = (
				E5EC51492076583400E223F5 /* QueryRequest.swift in Sources */,
				E5EC51442076582100E223F5 /* GlobalStatics.swift in Sources */,
				E5EC51452076582400E223F5 /* Extensions.swift in Sources */,
				E5EC51482076583100E223F5 /* FilterRule.swift in Sources */,
				E5EC51462076582900E223F5 /* FilterRulePackage.swift in Sources */,
				E5EC51472076582C00E223F5 /* FilterRuleGroup.swift in Sources */,
			);
			runOnlyForDeploymentPostprocessing = 0;
		};
/* End PBXSourcesBuildPhase section */

/* Begin PBXTargetDependency section */
		E578DA592068A26B00669A92 /* PBXTargetDependency */ = {
			isa = PBXTargetDependency;
			target = E578DA522068A26B00669A92 /* Message-Filter-Extension */;
			targetProxy = E578DA582068A26B00669A92 /* PBXContainerItemProxy */;
		};
		E5EC5152207662E400E223F5 /* PBXTargetDependency */ = {
			isa = PBXTargetDependency;
			target = E5EC513520764D2400E223F5 /* Message-Filter-Framework */;
			targetProxy = E5EC5151207662E400E223F5 /* PBXContainerItemProxy */;
		};
/* End PBXTargetDependency section */

/* Begin PBXVariantGroup section */
		E578DA412068A22B00669A92 /* Main.storyboard */ = {
			isa = PBXVariantGroup;
			children = (
				E578DA422068A22B00669A92 /* Base */,
				E582DFF62085F73F00C5D799 /* zh-Hans */,
				E582DFF82085F74D00C5D799 /* en */,
			);
			name = Main.storyboard;
			sourceTree = "<group>";
		};
		E578DA462068A22B00669A92 /* LaunchScreen.storyboard */ = {
			isa = PBXVariantGroup;
			children = (
				E578DA472068A22B00669A92 /* Base */,
				E582DFEB2085F63900C5D799 /* zh-Hans */,
				E582DFF22085F69500C5D799 /* en */,
			);
			name = LaunchScreen.storyboard;
			sourceTree = "<group>";
		};
		E582DFE92085F61600C5D799 /* Localizable.strings */ = {
			isa = PBXVariantGroup;
			children = (
				E582DFED2085F66E00C5D799 /* Base */,
				E582DFEE2085F67C00C5D799 /* zh-Hans */,
				E582DFF32085F69C00C5D799 /* en */,
			);
			name = Localizable.strings;
			sourceTree = "<group>";
		};
/* End PBXVariantGroup section */

/* Begin XCBuildConfiguration section */
		E578DA4A2068A22B00669A92 /* Debug */ = {
			isa = XCBuildConfiguration;
			buildSettings = {
				ALWAYS_SEARCH_USER_PATHS = NO;
				CLANG_ANALYZER_LOCALIZABILITY_NONLOCALIZED = YES;
				CLANG_ANALYZER_NONNULL = YES;
				CLANG_ANALYZER_NUMBER_OBJECT_CONVERSION = YES_AGGRESSIVE;
				CLANG_CXX_LANGUAGE_STANDARD = "gnu++14";
				CLANG_CXX_LIBRARY = "libc++";
				CLANG_ENABLE_MODULES = YES;
				CLANG_ENABLE_OBJC_ARC = YES;
				CLANG_WARN_BLOCK_CAPTURE_AUTORELEASING = YES;
				CLANG_WARN_BOOL_CONVERSION = YES;
				CLANG_WARN_COMMA = YES;
				CLANG_WARN_CONSTANT_CONVERSION = YES;
				CLANG_WARN_DEPRECATED_OBJC_IMPLEMENTATIONS = YES;
				CLANG_WARN_DIRECT_OBJC_ISA_USAGE = YES_ERROR;
				CLANG_WARN_DOCUMENTATION_COMMENTS = YES;
				CLANG_WARN_EMPTY_BODY = YES;
				CLANG_WARN_ENUM_CONVERSION = YES;
				CLANG_WARN_INFINITE_RECURSION = YES;
				CLANG_WARN_INT_CONVERSION = YES;
				CLANG_WARN_NON_LITERAL_NULL_CONVERSION = YES;
				CLANG_WARN_OBJC_IMPLICIT_RETAIN_SELF = YES;
				CLANG_WARN_OBJC_LITERAL_CONVERSION = YES;
				CLANG_WARN_OBJC_ROOT_CLASS = YES_ERROR;
				CLANG_WARN_RANGE_LOOP_ANALYSIS = YES;
				CLANG_WARN_STRICT_PROTOTYPES = YES;
				CLANG_WARN_SUSPICIOUS_MOVE = YES;
				CLANG_WARN_UNGUARDED_AVAILABILITY = YES_AGGRESSIVE;
				CLANG_WARN_UNREACHABLE_CODE = YES;
				CLANG_WARN__DUPLICATE_METHOD_MATCH = YES;
				CODE_SIGN_IDENTITY = "iPhone Developer";
				COPY_PHASE_STRIP = NO;
				DEBUG_INFORMATION_FORMAT = dwarf;
				ENABLE_STRICT_OBJC_MSGSEND = YES;
				ENABLE_TESTABILITY = YES;
				GCC_C_LANGUAGE_STANDARD = gnu11;
				GCC_DYNAMIC_NO_PIC = NO;
				GCC_NO_COMMON_BLOCKS = YES;
				GCC_OPTIMIZATION_LEVEL = 0;
				GCC_PREPROCESSOR_DEFINITIONS = (
					"DEBUG=1",
					"$(inherited)",
				);
				GCC_WARN_64_TO_32_BIT_CONVERSION = YES;
				GCC_WARN_ABOUT_RETURN_TYPE = YES_ERROR;
				GCC_WARN_UNDECLARED_SELECTOR = YES;
				GCC_WARN_UNINITIALIZED_AUTOS = YES_AGGRESSIVE;
				GCC_WARN_UNUSED_FUNCTION = YES;
				GCC_WARN_UNUSED_VARIABLE = YES;
				IPHONEOS_DEPLOYMENT_TARGET = 11.2;
				MTL_ENABLE_DEBUG_INFO = YES;
				ONLY_ACTIVE_ARCH = YES;
				SDKROOT = iphoneos;
				SWIFT_ACTIVE_COMPILATION_CONDITIONS = DEBUG;
				SWIFT_OPTIMIZATION_LEVEL = "-Onone";
			};
			name = Debug;
		};
		E578DA4B2068A22B00669A92 /* Release */ = {
			isa = XCBuildConfiguration;
			buildSettings = {
				ALWAYS_SEARCH_USER_PATHS = NO;
				CLANG_ANALYZER_LOCALIZABILITY_NONLOCALIZED = YES;
				CLANG_ANALYZER_NONNULL = YES;
				CLANG_ANALYZER_NUMBER_OBJECT_CONVERSION = YES_AGGRESSIVE;
				CLANG_CXX_LANGUAGE_STANDARD = "gnu++14";
				CLANG_CXX_LIBRARY = "libc++";
				CLANG_ENABLE_MODULES = YES;
				CLANG_ENABLE_OBJC_ARC = YES;
				CLANG_WARN_BLOCK_CAPTURE_AUTORELEASING = YES;
				CLANG_WARN_BOOL_CONVERSION = YES;
				CLANG_WARN_COMMA = YES;
				CLANG_WARN_CONSTANT_CONVERSION = YES;
				CLANG_WARN_DEPRECATED_OBJC_IMPLEMENTATIONS = YES;
				CLANG_WARN_DIRECT_OBJC_ISA_USAGE = YES_ERROR;
				CLANG_WARN_DOCUMENTATION_COMMENTS = YES;
				CLANG_WARN_EMPTY_BODY = YES;
				CLANG_WARN_ENUM_CONVERSION = YES;
				CLANG_WARN_INFINITE_RECURSION = YES;
				CLANG_WARN_INT_CONVERSION = YES;
				CLANG_WARN_NON_LITERAL_NULL_CONVERSION = YES;
				CLANG_WARN_OBJC_IMPLICIT_RETAIN_SELF = YES;
				CLANG_WARN_OBJC_LITERAL_CONVERSION = YES;
				CLANG_WARN_OBJC_ROOT_CLASS = YES_ERROR;
				CLANG_WARN_RANGE_LOOP_ANALYSIS = YES;
				CLANG_WARN_STRICT_PROTOTYPES = YES;
				CLANG_WARN_SUSPICIOUS_MOVE = YES;
				CLANG_WARN_UNGUARDED_AVAILABILITY = YES_AGGRESSIVE;
				CLANG_WARN_UNREACHABLE_CODE = YES;
				CLANG_WARN__DUPLICATE_METHOD_MATCH = YES;
				CODE_SIGN_IDENTITY = "iPhone Developer";
				COPY_PHASE_STRIP = NO;
				DEBUG_INFORMATION_FORMAT = "dwarf-with-dsym";
				ENABLE_NS_ASSERTIONS = NO;
				ENABLE_STRICT_OBJC_MSGSEND = YES;
				GCC_C_LANGUAGE_STANDARD = gnu11;
				GCC_NO_COMMON_BLOCKS = YES;
				GCC_WARN_64_TO_32_BIT_CONVERSION = YES;
				GCC_WARN_ABOUT_RETURN_TYPE = YES_ERROR;
				GCC_WARN_UNDECLARED_SELECTOR = YES;
				GCC_WARN_UNINITIALIZED_AUTOS = YES_AGGRESSIVE;
				GCC_WARN_UNUSED_FUNCTION = YES;
				GCC_WARN_UNUSED_VARIABLE = YES;
				IPHONEOS_DEPLOYMENT_TARGET = 11.2;
				MTL_ENABLE_DEBUG_INFO = NO;
				SDKROOT = iphoneos;
				SWIFT_OPTIMIZATION_LEVEL = "-Owholemodule";
				VALIDATE_PRODUCT = YES;
			};
			name = Release;
		};
		E578DA4D2068A22B00669A92 /* Debug */ = {
			isa = XCBuildConfiguration;
			baseConfigurationReference = E931CC2BDE8494B6EF629250 /* Pods-Message-Filter.debug.xcconfig */;
			buildSettings = {
				ASSETCATALOG_COMPILER_APPICON_NAME = AppIcon;
				CODE_SIGN_ENTITLEMENTS = "Message-Filter/Message-Filter.entitlements";
				CODE_SIGN_IDENTITY = "iPhone Developer";
				CODE_SIGN_STYLE = Automatic;
				DEVELOPMENT_TEAM = 2YBFQ59LED;
				INFOPLIST_FILE = "Message-Filter/Info.plist";
				IPHONEOS_DEPLOYMENT_TARGET = 11.3;
				LD_RUNPATH_SEARCH_PATHS = "$(inherited) @executable_path/Frameworks";
				PRODUCT_BUNDLE_IDENTIFIER = "com.duliuqing.Message-Filter";
				PRODUCT_NAME = "$(TARGET_NAME)";
				PROVISIONING_PROFILE_SPECIFIER = "";
				SWIFT_OBJC_BRIDGING_HEADER = "Message-Filter/Message-Filter-Bridging-Header.h";
				SWIFT_VERSION = 4.0;
				TARGETED_DEVICE_FAMILY = "1,2";
				USER_HEADER_SEARCH_PATHS = "${SRCROOT}/**";
			};
			name = Debug;
		};
		E578DA4E2068A22B00669A92 /* Release */ = {
			isa = XCBuildConfiguration;
			baseConfigurationReference = A91A4B37917A700936F3B574 /* Pods-Message-Filter.release.xcconfig */;
			buildSettings = {
				ASSETCATALOG_COMPILER_APPICON_NAME = AppIcon;
				CODE_SIGN_ENTITLEMENTS = "Message-Filter/Message-Filter.entitlements";
				CODE_SIGN_IDENTITY = "iPhone Developer";
				CODE_SIGN_STYLE = Automatic;
				DEVELOPMENT_TEAM = 2YBFQ59LED;
				INFOPLIST_FILE = "Message-Filter/Info.plist";
				IPHONEOS_DEPLOYMENT_TARGET = 11.3;
				LD_RUNPATH_SEARCH_PATHS = "$(inherited) @executable_path/Frameworks";
				PRODUCT_BUNDLE_IDENTIFIER = "com.duliuqing.Message-Filter";
				PRODUCT_NAME = "$(TARGET_NAME)";
				PROVISIONING_PROFILE_SPECIFIER = "";
				SWIFT_OBJC_BRIDGING_HEADER = "Message-Filter/Message-Filter-Bridging-Header.h";
				SWIFT_VERSION = 4.0;
				TARGETED_DEVICE_FAMILY = "1,2";
				USER_HEADER_SEARCH_PATHS = "${SRCROOT}/**";
			};
			name = Release;
		};
		E578DA5C2068A26B00669A92 /* Debug */ = {
			isa = XCBuildConfiguration;
			baseConfigurationReference = 97E39F2E4E92F8609F0B47C7 /* Pods-Message-Filter-Extension.debug.xcconfig */;
			buildSettings = {
				CODE_SIGN_ENTITLEMENTS = "Message-Filter-Extension/Message-Filter-Extension.entitlements";
				CODE_SIGN_STYLE = Automatic;
				DEVELOPMENT_TEAM = 2YBFQ59LED;
				INFOPLIST_FILE = "$(SRCROOT)/Message-Filter-Extension/Info.plist";
				IPHONEOS_DEPLOYMENT_TARGET = 11.3;
				LD_RUNPATH_SEARCH_PATHS = "$(inherited) @executable_path/Frameworks @executable_path/../../Frameworks";
				PRODUCT_BUNDLE_IDENTIFIER = "com.duliuqing.Message-Filter.Message-Filter-Extension";
				PRODUCT_NAME = "$(TARGET_NAME)";
				SKIP_INSTALL = YES;
				SWIFT_OBJC_BRIDGING_HEADER = "Message-Filter-Extension/Message-Filter-Extension-Bridging-Header.h";
				SWIFT_VERSION = 4.0;
				TARGETED_DEVICE_FAMILY = "1,2";
				USER_HEADER_SEARCH_PATHS = "${SRCROOT}/**";
			};
			name = Debug;
		};
		E578DA5D2068A26B00669A92 /* Release */ = {
			isa = XCBuildConfiguration;
			baseConfigurationReference = 223B451BC8D8F0415EE6F2BF /* Pods-Message-Filter-Extension.release.xcconfig */;
			buildSettings = {
				CODE_SIGN_ENTITLEMENTS = "Message-Filter-Extension/Message-Filter-Extension.entitlements";
				CODE_SIGN_STYLE = Automatic;
				DEVELOPMENT_TEAM = 2YBFQ59LED;
				INFOPLIST_FILE = "$(SRCROOT)/Message-Filter-Extension/Info.plist";
				IPHONEOS_DEPLOYMENT_TARGET = 11.3;
				LD_RUNPATH_SEARCH_PATHS = "$(inherited) @executable_path/Frameworks @executable_path/../../Frameworks";
				PRODUCT_BUNDLE_IDENTIFIER = "com.duliuqing.Message-Filter.Message-Filter-Extension";
				PRODUCT_NAME = "$(TARGET_NAME)";
				SKIP_INSTALL = YES;
				SWIFT_OBJC_BRIDGING_HEADER = "Message-Filter-Extension/Message-Filter-Extension-Bridging-Header.h";
				SWIFT_VERSION = 4.0;
				TARGETED_DEVICE_FAMILY = "1,2";
				USER_HEADER_SEARCH_PATHS = "${SRCROOT}/**";
			};
			name = Release;
		};
		E5EC513F20764D2400E223F5 /* Debug */ = {
			isa = XCBuildConfiguration;
			baseConfigurationReference = 218AEBDC877EFDB1A33B2661 /* Pods-Message-Filter-Framework.debug.xcconfig */;
			buildSettings = {
				APPLICATION_EXTENSION_API_ONLY = YES;
				CLANG_ENABLE_OBJC_WEAK = YES;
				CODE_SIGN_IDENTITY = "";
				CODE_SIGN_STYLE = Automatic;
				CURRENT_PROJECT_VERSION = 1;
				DEFINES_MODULE = YES;
				DEVELOPMENT_TEAM = 2YBFQ59LED;
				DYLIB_COMPATIBILITY_VERSION = 1;
				DYLIB_CURRENT_VERSION = 1;
				DYLIB_INSTALL_NAME_BASE = "@rpath";
				INFOPLIST_FILE = "Message-Filter-Framework/Info.plist";
				INSTALL_PATH = "$(LOCAL_LIBRARY_DIR)/Frameworks";
				IPHONEOS_DEPLOYMENT_TARGET = 11.3;
				LD_RUNPATH_SEARCH_PATHS = "$(inherited) @executable_path/Frameworks @loader_path/Frameworks";
				PRODUCT_BUNDLE_IDENTIFIER = "com.duliuqing.Message-Filter-Framework";
				PRODUCT_NAME = "$(TARGET_NAME:c99extidentifier)";
				SKIP_INSTALL = YES;
				SWIFT_OBJC_BRIDGING_HEADER = "Message-Filter-Framework/Message-Filter-Framework-Header.h";
				SWIFT_VERSION = 4.0;
				TARGETED_DEVICE_FAMILY = "1,2";
				USER_HEADER_SEARCH_PATHS = "${SRCROOT}/**";
				VERSIONING_SYSTEM = "apple-generic";
				VERSION_INFO_PREFIX = "";
			};
			name = Debug;
		};
		E5EC514020764D2400E223F5 /* Release */ = {
			isa = XCBuildConfiguration;
			baseConfigurationReference = 548187ED6CCDEE864D4D15A6 /* Pods-Message-Filter-Framework.release.xcconfig */;
			buildSettings = {
				APPLICATION_EXTENSION_API_ONLY = YES;
				CLANG_ENABLE_OBJC_WEAK = YES;
				CODE_SIGN_IDENTITY = "";
				CODE_SIGN_STYLE = Automatic;
				CURRENT_PROJECT_VERSION = 1;
				DEFINES_MODULE = YES;
				DEVELOPMENT_TEAM = 2YBFQ59LED;
				DYLIB_COMPATIBILITY_VERSION = 1;
				DYLIB_CURRENT_VERSION = 1;
				DYLIB_INSTALL_NAME_BASE = "@rpath";
				INFOPLIST_FILE = "Message-Filter-Framework/Info.plist";
				INSTALL_PATH = "$(LOCAL_LIBRARY_DIR)/Frameworks";
				IPHONEOS_DEPLOYMENT_TARGET = 11.3;
				LD_RUNPATH_SEARCH_PATHS = "$(inherited) @executable_path/Frameworks @loader_path/Frameworks";
				PRODUCT_BUNDLE_IDENTIFIER = "com.duliuqing.Message-Filter-Framework";
				PRODUCT_NAME = "$(TARGET_NAME:c99extidentifier)";
				SKIP_INSTALL = YES;
				SWIFT_OBJC_BRIDGING_HEADER = "Message-Filter-Framework/Message-Filter-Framework-Header.h";
				SWIFT_VERSION = 4.0;
				TARGETED_DEVICE_FAMILY = "1,2";
				USER_HEADER_SEARCH_PATHS = "${SRCROOT}/**";
				VERSIONING_SYSTEM = "apple-generic";
				VERSION_INFO_PREFIX = "";
			};
			name = Release;
		};
/* End XCBuildConfiguration section */

/* Begin XCConfigurationList section */
		E578DA352068A22B00669A92 /* Build configuration list for PBXProject "Message-Filter" */ = {
			isa = XCConfigurationList;
			buildConfigurations = (
				E578DA4A2068A22B00669A92 /* Debug */,
				E578DA4B2068A22B00669A92 /* Release */,
			);
			defaultConfigurationIsVisible = 0;
			defaultConfigurationName = Release;
		};
		E578DA4C2068A22B00669A92 /* Build configuration list for PBXNativeTarget "Message-Filter" */ = {
			isa = XCConfigurationList;
			buildConfigurations = (
				E578DA4D2068A22B00669A92 /* Debug */,
				E578DA4E2068A22B00669A92 /* Release */,
			);
			defaultConfigurationIsVisible = 0;
			defaultConfigurationName = Release;
		};
		E578DA5B2068A26B00669A92 /* Build configuration list for PBXNativeTarget "Message-Filter-Extension" */ = {
			isa = XCConfigurationList;
			buildConfigurations = (
				E578DA5C2068A26B00669A92 /* Debug */,
				E578DA5D2068A26B00669A92 /* Release */,
			);
			defaultConfigurationIsVisible = 0;
			defaultConfigurationName = Release;
		};
		E5EC514120764D2400E223F5 /* Build configuration list for PBXNativeTarget "Message-Filter-Framework" */ = {
			isa = XCConfigurationList;
			buildConfigurations = (
				E5EC513F20764D2400E223F5 /* Debug */,
				E5EC514020764D2400E223F5 /* Release */,
			);
			defaultConfigurationIsVisible = 0;
			defaultConfigurationName = Release;
		};
/* End XCConfigurationList section */
	};
	rootObject = E578DA322068A22B00669A92 /* Project object */;
}
